PODS:
  - Alamofire (5.4.4)
  - CollectionViewWaterfallLayout (0.5.0)
  - Kingfisher (7.1.1)
  - XLPagerTabStrip (9.0.0)

DEPENDENCIES:
  - Alamofire (~> 5.2)
  - CollectionViewWaterfallLayout
  - Kingfisher
  - XLPagerTabStrip (~> 9.0)

SPEC REPOS:
  trunk:
    - Alamofire
    - CollectionViewWaterfallLayout
    - Kingfisher
    - XLPagerTabStrip

SPEC CHECKSUMS:
  Alamofire: f3b09a368f1582ab751b3fff5460276e0d2cf5c9
  CollectionViewWaterfallLayout: 4399ba01be265fff4da1ed1d607130fe009780e4
  Kingfisher: f738f9c4a3415823b8e2985d10aa2d6a9f37bc4d
  XLPagerTabStrip: 61c57fd61f611ee5f01ff1495ad6fbee8bf496c5

PODFILE CHECKSUM: edf4bf71a494d54c27fdee81439e80553ef0b825

COCOAPODS: 1.10.1
