PODS:
  - Alamofire (5.4.4)
  - CollectionViewWaterfallLayout (0.5.0)
  - GSKStretchyHeaderView (1.0.4)
  - ImageViewer (6.0.0)
  - Kingfisher (7.1.1)
  - Mantis (1.7.5)
  - RandomColorSwift (2.0.0)
  - XLPagerTabStrip (9.0.0)

DEPENDENCIES:
  - Alamofire (~> 5.2)
  - CollectionViewWaterfallLayout
  - GSKStretchyHeaderView
  - ImageViewer
  - Kingfisher
  - Mantis (~> 1.7.2)
  - RandomColorSwift
  - XLPagerTabStrip (~> 9.0)

SPEC REPOS:
  trunk:
    - Alamofire
    - CollectionViewWaterfallLayout
    - GSKStretchyHeaderView
    - ImageViewer
    - Kingfisher
    - Mantis
    - RandomColorSwift
    - XLPagerTabStrip

SPEC CHECKSUMS:
  Alamofire: f3b09a368f1582ab751b3fff5460276e0d2cf5c9
  CollectionViewWaterfallLayout: 4399ba01be265fff4da1ed1d607130fe009780e4
  GSKStretchyHeaderView: 9743704c12bdc9cf7c7947bad3af8bf24f7061e3
  ImageViewer: cb88ef1c0ba19161bc10702adfdcebc116a7a59d
  Kingfisher: f738f9c4a3415823b8e2985d10aa2d6a9f37bc4d
  Mantis: 5f2b36e8896528a297cb6ced5d2cffbe8073a58e
  RandomColorSwift: d18b9b025403137b5543a002187489b06cc1782b
  XLPagerTabStrip: 61c57fd61f611ee5f01ff1495ad6fbee8bf496c5

PODFILE CHECKSUM: 12cf92dbe01e5f9e9b01db942d7bd42875315058

COCOAPODS: 1.10.1
