// !$*UTF8*$!
{
	archiveVersion = 1;
	classes = {
	};
	objectVersion = 55;
	objects = {

/* Begin PBXBuildFile section */
		2DA8ECC55AE12BB14D75F87C /* Pods_PoucouValley.framework in Frameworks */ = {isa = PBXBuildFile; fileRef = 2AFCAE10C40E6C4297F0D45D /* Pods_PoucouValley.framework */; };
		7201EEE8282F564D00AD6585 /* Login.storyboard in Resources */ = {isa = PBXBuildFile; fileRef = 7201EEE7282F564D00AD6585 /* Login.storyboard */; };
		7201EEEA2830943600AD6585 /* UserManager.swift in Sources */ = {isa = PBXBuildFile; fileRef = 7201EEE92830943600AD6585 /* UserManager.swift */; };
		7201EEEC2830950D00AD6585 /* PhotoResponse.swift in Sources */ = {isa = PBXBuildFile; fileRef = 7201EEEB2830950D00AD6585 /* PhotoResponse.swift */; };
		7201EEEE2830A6DB00AD6585 /* Enums.swift in Sources */ = {isa = PBXBuildFile; fileRef = 7201EEED2830A6DB00AD6585 /* Enums.swift */; };
		72707C022830ACD7004F3C3C /* GetStartedViewController.swift in Sources */ = {isa = PBXBuildFile; fileRef = 72707C012830ACD7004F3C3C /* GetStartedViewController.swift */; };
		72707C042830ACFE004F3C3C /* GetStartedCell.swift in Sources */ = {isa = PBXBuildFile; fileRef = 72707C032830ACFE004F3C3C /* GetStartedCell.swift */; };
		72707C062830B354004F3C3C /* GetStartedStepsResponse.swift in Sources */ = {isa = PBXBuildFile; fileRef = 72707C052830B354004F3C3C /* GetStartedStepsResponse.swift */; };
		72707C0928320CD7004F3C3C /* GetStartedSteps.swift in Sources */ = {isa = PBXBuildFile; fileRef = 72707C0828320CD7004F3C3C /* GetStartedSteps.swift */; };
		72707C0B28320CF9004F3C3C /* LoginResponse.swift in Sources */ = {isa = PBXBuildFile; fileRef = 72707C0A28320CF9004F3C3C /* LoginResponse.swift */; };
		72707C0D28320D26004F3C3C /* User.swift in Sources */ = {isa = PBXBuildFile; fileRef = 72707C0C28320D26004F3C3C /* User.swift */; };
		72707C0F2832121E004F3C3C /* Cardholder.swift in Sources */ = {isa = PBXBuildFile; fileRef = 72707C0E2832121E004F3C3C /* Cardholder.swift */; };
		72707C112832149C004F3C3C /* Avatar.swift in Sources */ = {isa = PBXBuildFile; fileRef = 72707C102832149C004F3C3C /* Avatar.swift */; };
		72707C132832170F004F3C3C /* Contact.swift in Sources */ = {isa = PBXBuildFile; fileRef = 72707C122832170F004F3C3C /* Contact.swift */; };
		72707C15283217C7004F3C3C /* Address.swift in Sources */ = {isa = PBXBuildFile; fileRef = 72707C14283217C7004F3C3C /* Address.swift */; };
		72707C1728321975004F3C3C /* Birthday.swift in Sources */ = {isa = PBXBuildFile; fileRef = 72707C1628321975004F3C3C /* Birthday.swift */; };
		7297E5302747173600F6F33B /* StoriesCollectionReusableView.swift in Sources */ = {isa = PBXBuildFile; fileRef = 7297E52E2747173600F6F33B /* StoriesCollectionReusableView.swift */; };
		7297E5312747173600F6F33B /* StoriesCollectionReusableView.xib in Resources */ = {isa = PBXBuildFile; fileRef = 7297E52F2747173600F6F33B /* StoriesCollectionReusableView.xib */; };
		7297E53327471DE000F6F33B /* StoryCollectionViewCell.xib in Resources */ = {isa = PBXBuildFile; fileRef = 7297E53227471DE000F6F33B /* StoryCollectionViewCell.xib */; };
		72AC00AE2736F27700B452BE /* AppDelegate.swift in Sources */ = {isa = PBXBuildFile; fileRef = 72AC00AD2736F27700B452BE /* AppDelegate.swift */; };
		72AC00B02736F27700B452BE /* SceneDelegate.swift in Sources */ = {isa = PBXBuildFile; fileRef = 72AC00AF2736F27700B452BE /* SceneDelegate.swift */; };
		72AC00B52736F27700B452BE /* Main.storyboard in Resources */ = {isa = PBXBuildFile; fileRef = 72AC00B32736F27700B452BE /* Main.storyboard */; };
		72AC00B72736F27900B452BE /* Assets.xcassets in Resources */ = {isa = PBXBuildFile; fileRef = 72AC00B62736F27900B452BE /* Assets.xcassets */; };
		72AC00BA2736F27900B452BE /* LaunchScreen.storyboard in Resources */ = {isa = PBXBuildFile; fileRef = 72AC00B82736F27900B452BE /* LaunchScreen.storyboard */; };
		72AC00C32737045800B452BE /* Home.storyboard in Resources */ = {isa = PBXBuildFile; fileRef = 72AC00C22737045800B452BE /* Home.storyboard */; };
		72AC00C62737294000B452BE /* FollowCollectionViewCell.swift in Sources */ = {isa = PBXBuildFile; fileRef = 72AC00C52737294000B452BE /* FollowCollectionViewCell.swift */; };
		72AC00CC27373B8300B452BE /* HomeRootViewController.swift in Sources */ = {isa = PBXBuildFile; fileRef = 72AC00CB27373B8300B452BE /* HomeRootViewController.swift */; };
		72AC00D427373C1E00B452BE /* BaseViewController.swift in Sources */ = {isa = PBXBuildFile; fileRef = 72AC00CE27373C1E00B452BE /* BaseViewController.swift */; };
		72AC00D827373C1E00B452BE /* BaseButtonBarPagerTabStripViewController.swift in Sources */ = {isa = PBXBuildFile; fileRef = 72AC00D227373C1E00B452BE /* BaseButtonBarPagerTabStripViewController.swift */; };
		72AC00E5273787CE00B452BE /* StoryboardManager.swift in Sources */ = {isa = PBXBuildFile; fileRef = 72AC00DD273787CE00B452BE /* StoryboardManager.swift */; };
		72AC00E6273787CE00B452BE /* AppSettingsManager.swift in Sources */ = {isa = PBXBuildFile; fileRef = 72AC00DE273787CE00B452BE /* AppSettingsManager.swift */; };
		72AC010527378FFA00B452BE /* UIImageView+Extension.swift in Sources */ = {isa = PBXBuildFile; fileRef = 72AC00EB27378FFA00B452BE /* UIImageView+Extension.swift */; };
		72AC010627378FFA00B452BE /* UIButton+Extensions.swift in Sources */ = {isa = PBXBuildFile; fileRef = 72AC00EC27378FFA00B452BE /* UIButton+Extensions.swift */; };
		72AC010727378FFA00B452BE /* AFError+Extensions.swift in Sources */ = {isa = PBXBuildFile; fileRef = 72AC00ED27378FFA00B452BE /* AFError+Extensions.swift */; };
		72AC010827378FFA00B452BE /* UIView+Extensions.swift in Sources */ = {isa = PBXBuildFile; fileRef = 72AC00EE27378FFA00B452BE /* UIView+Extensions.swift */; };
		72AC010927378FFA00B452BE /* DateFormatter+Extensions.swift in Sources */ = {isa = PBXBuildFile; fileRef = 72AC00EF27378FFA00B452BE /* DateFormatter+Extensions.swift */; };
		72AC010A27378FFA00B452BE /* PHAsset+Extensions.swift in Sources */ = {isa = PBXBuildFile; fileRef = 72AC00F027378FFA00B452BE /* PHAsset+Extensions.swift */; };
		72AC010B27378FFA00B452BE /* String+Extensions.swift in Sources */ = {isa = PBXBuildFile; fileRef = 72AC00F127378FFA00B452BE /* String+Extensions.swift */; };
		72AC010C27378FFA00B452BE /* UITextView+Extensions.swift in Sources */ = {isa = PBXBuildFile; fileRef = 72AC00F227378FFA00B452BE /* UITextView+Extensions.swift */; };
		72AC010E27378FFA00B452BE /* UIImage+Extensions.swift in Sources */ = {isa = PBXBuildFile; fileRef = 72AC00F427378FFA00B452BE /* UIImage+Extensions.swift */; };
		72AC010F27378FFA00B452BE /* UISearchBar+Extensions.swift in Sources */ = {isa = PBXBuildFile; fileRef = 72AC00F527378FFA00B452BE /* UISearchBar+Extensions.swift */; };
		72AC011027378FFA00B452BE /* UIViewController+Extension.swift in Sources */ = {isa = PBXBuildFile; fileRef = 72AC00F627378FFA00B452BE /* UIViewController+Extension.swift */; };
		72AC011227378FFA00B452BE /* UINavigationController+Extensions.swift in Sources */ = {isa = PBXBuildFile; fileRef = 72AC00F827378FFA00B452BE /* UINavigationController+Extensions.swift */; };
		72AC011427378FFA00B452BE /* UIWindow+Extensions.swift in Sources */ = {isa = PBXBuildFile; fileRef = 72AC00FA27378FFA00B452BE /* UIWindow+Extensions.swift */; };
		72AC011527378FFA00B452BE /* CLPlacemark+Extensions.swift in Sources */ = {isa = PBXBuildFile; fileRef = 72AC00FB27378FFA00B452BE /* CLPlacemark+Extensions.swift */; };
		72AC011627378FFA00B452BE /* UITableView+Extensions.swift in Sources */ = {isa = PBXBuildFile; fileRef = 72AC00FC27378FFA00B452BE /* UITableView+Extensions.swift */; };
		72AC011727378FFA00B452BE /* TimeZone+Extensions.swift in Sources */ = {isa = PBXBuildFile; fileRef = 72AC00FD27378FFA00B452BE /* TimeZone+Extensions.swift */; };
		72AC011927378FFA00B452BE /* UIProgressView+Extensions.swift in Sources */ = {isa = PBXBuildFile; fileRef = 72AC00FF27378FFA00B452BE /* UIProgressView+Extensions.swift */; };
		72AC011A27378FFA00B452BE /* UIScrollView+Extensions.swift in Sources */ = {isa = PBXBuildFile; fileRef = 72AC010027378FFA00B452BE /* UIScrollView+Extensions.swift */; };
		72AC011B27378FFA00B452BE /* Date+Extensions.swift in Sources */ = {isa = PBXBuildFile; fileRef = 72AC010127378FFA00B452BE /* Date+Extensions.swift */; };
		72AC011C27378FFA00B452BE /* UITextfield+Extension.swift in Sources */ = {isa = PBXBuildFile; fileRef = 72AC010227378FFA00B452BE /* UITextfield+Extension.swift */; };
		72AC011D27378FFA00B452BE /* Double+Extensions.swift in Sources */ = {isa = PBXBuildFile; fileRef = 72AC010327378FFA00B452BE /* Double+Extensions.swift */; };
		72AC011E27378FFA00B452BE /* UICollectionView+Extensions.swift in Sources */ = {isa = PBXBuildFile; fileRef = 72AC010427378FFA00B452BE /* UICollectionView+Extensions.swift */; };
		72AC01392737917D00B452BE /* dark-theme.plist in Resources */ = {isa = PBXBuildFile; fileRef = 72AC01212737917D00B452BE /* dark-theme.plist */; };
		72AC013A2737917D00B452BE /* light-theme.plist in Resources */ = {isa = PBXBuildFile; fileRef = 72AC01222737917D00B452BE /* light-theme.plist */; };
		72AC01552738689C00B452BE /* APIRequestsURLs.swift in Sources */ = {isa = PBXBuildFile; fileRef = 72AC01512738689C00B452BE /* APIRequestsURLs.swift */; };
		72AC01562738689C00B452BE /* PoucouAPI.swift in Sources */ = {isa = PBXBuildFile; fileRef = 72AC01522738689C00B452BE /* PoucouAPI.swift */; };
		72AC01572738689C00B452BE /* NetworkService.swift in Sources */ = {isa = PBXBuildFile; fileRef = 72AC01542738689C00B452BE /* NetworkService.swift */; };
		72AC017A27387BB200B452BE /* UnsplashPhoto.swift in Sources */ = {isa = PBXBuildFile; fileRef = 72AC015927387BB200B452BE /* UnsplashPhoto.swift */; };
		72AC019A27388EBE00B452BE /* HomeFollowingViewController.swift in Sources */ = {isa = PBXBuildFile; fileRef = 72AC019927388EBE00B452BE /* HomeFollowingViewController.swift */; };
		72AC019C27388ED600B452BE /* HomeExploreViewController.swift in Sources */ = {isa = PBXBuildFile; fileRef = 72AC019B27388ED600B452BE /* HomeExploreViewController.swift */; };
		72AC019E27389DD500B452BE /* HomeShopViewController.swift in Sources */ = {isa = PBXBuildFile; fileRef = 72AC019D27389DD500B452BE /* HomeShopViewController.swift */; };
		72AC01B02738A80B00B452BE /* KeyBoardController.swift in Sources */ = {isa = PBXBuildFile; fileRef = 72AC01A02738A80B00B452BE /* KeyBoardController.swift */; };
		72AC01B12738A80B00B452BE /* DateUtil.swift in Sources */ = {isa = PBXBuildFile; fileRef = 72AC01A12738A80B00B452BE /* DateUtil.swift */; };
		72AC01B22738A80B00B452BE /* DelayedSearchTimer.swift in Sources */ = {isa = PBXBuildFile; fileRef = 72AC01A22738A80B00B452BE /* DelayedSearchTimer.swift */; };
		72AC01B32738A80B00B452BE /* Validator.swift in Sources */ = {isa = PBXBuildFile; fileRef = 72AC01A32738A80B00B452BE /* Validator.swift */; };
		72AC01B42738A80B00B452BE /* LoremSwiftum.swift in Sources */ = {isa = PBXBuildFile; fileRef = 72AC01A62738A80B00B452BE /* LoremSwiftum.swift */; };
		72AC01B52738A80B00B452BE /* MICollectionViewBubbleLayout.swift in Sources */ = {isa = PBXBuildFile; fileRef = 72AC01A82738A80B00B452BE /* MICollectionViewBubbleLayout.swift */; };
		72AC01B62738A80B00B452BE /* MIBubbleCollectionViewCell.swift in Sources */ = {isa = PBXBuildFile; fileRef = 72AC01A92738A80B00B452BE /* MIBubbleCollectionViewCell.swift */; };
		72AC01B72738A80B00B452BE /* MIMainViewController.swift in Sources */ = {isa = PBXBuildFile; fileRef = 72AC01AA2738A80B00B452BE /* MIMainViewController.swift */; };
		72AC01B82738A80B00B452BE /* ImagePicker.swift in Sources */ = {isa = PBXBuildFile; fileRef = 72AC01AB2738A80B00B452BE /* ImagePicker.swift */; };
		72AC01B92738A80B00B452BE /* RPicker.swift in Sources */ = {isa = PBXBuildFile; fileRef = 72AC01AC2738A80B00B452BE /* RPicker.swift */; };
		72AC01BA2738A80B00B452BE /* ExtendedLabel.swift in Sources */ = {isa = PBXBuildFile; fileRef = 72AC01AD2738A80B00B452BE /* ExtendedLabel.swift */; };
		72AC01BB2738A80B00B452BE /* CommonUtils.swift in Sources */ = {isa = PBXBuildFile; fileRef = 72AC01AE2738A80B00B452BE /* CommonUtils.swift */; };
		72AC01BC2738A80B00B452BE /* TimeAgo.swift in Sources */ = {isa = PBXBuildFile; fileRef = 72AC01AF2738A80B00B452BE /* TimeAgo.swift */; };
		72AC01BE2738B76600B452BE /* UIAlertController+Extension.swift in Sources */ = {isa = PBXBuildFile; fileRef = 72AC01BD2738B76600B452BE /* UIAlertController+Extension.swift */; };
		72AC01C02739F46400B452BE /* StoryCollectionViewCell.swift in Sources */ = {isa = PBXBuildFile; fileRef = 72AC01BF2739F46400B452BE /* StoryCollectionViewCell.swift */; };
		72B2FB86273C554200382C12 /* Profile.storyboard in Resources */ = {isa = PBXBuildFile; fileRef = 72B2FB85273C554200382C12 /* Profile.storyboard */; };
		72B2FB89273C657D00382C12 /* ProfileDetailsHeader.xib in Resources */ = {isa = PBXBuildFile; fileRef = 72B2FB87273C657D00382C12 /* ProfileDetailsHeader.xib */; };
		72B2FB8A273C657D00382C12 /* ProfileDetailsHeader.swift in Sources */ = {isa = PBXBuildFile; fileRef = 72B2FB88273C657D00382C12 /* ProfileDetailsHeader.swift */; };
		72B2FB9F273C6CA000382C12 /* Poppins-ExtraLight.ttf in Resources */ = {isa = PBXBuildFile; fileRef = 72B2FB8C273C6CA000382C12 /* Poppins-ExtraLight.ttf */; };
		72B2FBA0273C6CA000382C12 /* Poppins-ThinItalic.ttf in Resources */ = {isa = PBXBuildFile; fileRef = 72B2FB8D273C6CA000382C12 /* Poppins-ThinItalic.ttf */; };
		72B2FBA1273C6CA000382C12 /* Poppins-ExtraLightItalic.ttf in Resources */ = {isa = PBXBuildFile; fileRef = 72B2FB8E273C6CA000382C12 /* Poppins-ExtraLightItalic.ttf */; };
		72B2FBA2273C6CA000382C12 /* Poppins-BoldItalic.ttf in Resources */ = {isa = PBXBuildFile; fileRef = 72B2FB8F273C6CA000382C12 /* Poppins-BoldItalic.ttf */; };
		72B2FBA3273C6CA000382C12 /* Poppins-Light.ttf in Resources */ = {isa = PBXBuildFile; fileRef = 72B2FB90273C6CA000382C12 /* Poppins-Light.ttf */; };
		72B2FBA4273C6CA000382C12 /* Poppins-Medium.ttf in Resources */ = {isa = PBXBuildFile; fileRef = 72B2FB91273C6CA000382C12 /* Poppins-Medium.ttf */; };
		72B2FBA5273C6CA000382C12 /* Poppins-SemiBoldItalic.ttf in Resources */ = {isa = PBXBuildFile; fileRef = 72B2FB92273C6CA000382C12 /* Poppins-SemiBoldItalic.ttf */; };
		72B2FBA6273C6CA000382C12 /* Poppins-ExtraBoldItalic.ttf in Resources */ = {isa = PBXBuildFile; fileRef = 72B2FB93273C6CA000382C12 /* Poppins-ExtraBoldItalic.ttf */; };
		72B2FBA7273C6CA000382C12 /* Poppins-ExtraBold.ttf in Resources */ = {isa = PBXBuildFile; fileRef = 72B2FB94273C6CA000382C12 /* Poppins-ExtraBold.ttf */; };
		72B2FBA8273C6CA000382C12 /* Poppins-BlackItalic.ttf in Resources */ = {isa = PBXBuildFile; fileRef = 72B2FB95273C6CA000382C12 /* Poppins-BlackItalic.ttf */; };
		72B2FBA9273C6CA000382C12 /* OFL.txt in Resources */ = {isa = PBXBuildFile; fileRef = 72B2FB96273C6CA000382C12 /* OFL.txt */; };
		72B2FBAA273C6CA000382C12 /* Poppins-Regular.ttf in Resources */ = {isa = PBXBuildFile; fileRef = 72B2FB97273C6CA000382C12 /* Poppins-Regular.ttf */; };
		72B2FBAB273C6CA000382C12 /* Poppins-LightItalic.ttf in Resources */ = {isa = PBXBuildFile; fileRef = 72B2FB98273C6CA000382C12 /* Poppins-LightItalic.ttf */; };
		72B2FBAC273C6CA000382C12 /* Poppins-Bold.ttf in Resources */ = {isa = PBXBuildFile; fileRef = 72B2FB99273C6CA000382C12 /* Poppins-Bold.ttf */; };
		72B2FBAD273C6CA000382C12 /* Poppins-Black.ttf in Resources */ = {isa = PBXBuildFile; fileRef = 72B2FB9A273C6CA000382C12 /* Poppins-Black.ttf */; };
		72B2FBAE273C6CA000382C12 /* Poppins-Thin.ttf in Resources */ = {isa = PBXBuildFile; fileRef = 72B2FB9B273C6CA000382C12 /* Poppins-Thin.ttf */; };
		72B2FBAF273C6CA000382C12 /* Poppins-SemiBold.ttf in Resources */ = {isa = PBXBuildFile; fileRef = 72B2FB9C273C6CA000382C12 /* Poppins-SemiBold.ttf */; };
		72B2FBB0273C6CA000382C12 /* Poppins-Italic.ttf in Resources */ = {isa = PBXBuildFile; fileRef = 72B2FB9D273C6CA000382C12 /* Poppins-Italic.ttf */; };
		72B2FBB1273C6CA000382C12 /* Poppins-MediumItalic.ttf in Resources */ = {isa = PBXBuildFile; fileRef = 72B2FB9E273C6CA000382C12 /* Poppins-MediumItalic.ttf */; };
		72B2FBB3273CAA2000382C12 /* GiftTableViewCell.swift in Sources */ = {isa = PBXBuildFile; fileRef = 72B2FBB2273CAA2000382C12 /* GiftTableViewCell.swift */; };
		72B2FBB6273CAB2000382C12 /* MyProfileViewController.swift in Sources */ = {isa = PBXBuildFile; fileRef = 72B2FBB5273CAB2000382C12 /* MyProfileViewController.swift */; };
		72B2FBBA273CBF9300382C12 /* ThemeData.swift in Sources */ = {isa = PBXBuildFile; fileRef = 72B2FBB8273CBF9300382C12 /* ThemeData.swift */; };
		72B2FBBB273CBF9300382C12 /* ThemeManager.swift in Sources */ = {isa = PBXBuildFile; fileRef = 72B2FBB9273CBF9300382C12 /* ThemeManager.swift */; };
		72B2FBBD273CC00900382C12 /* UIColor+Extension.swift in Sources */ = {isa = PBXBuildFile; fileRef = 72B2FBBC273CC00900382C12 /* UIColor+Extension.swift */; };
		72B2FBCD273CC34200382C12 /* ThemeSecondaryButton.swift in Sources */ = {isa = PBXBuildFile; fileRef = 72B2FBBE273CC34100382C12 /* ThemeSecondaryButton.swift */; };
		72B2FBCE273CC34200382C12 /* ThemeSearchBar.swift in Sources */ = {isa = PBXBuildFile; fileRef = 72B2FBBF273CC34100382C12 /* ThemeSearchBar.swift */; };
		72B2FBCF273CC34200382C12 /* ThemeBorderRoundView.swift in Sources */ = {isa = PBXBuildFile; fileRef = 72B2FBC0273CC34100382C12 /* ThemeBorderRoundView.swift */; };
		72B2FBD1273CC34200382C12 /* ThemeLabelButton.swift in Sources */ = {isa = PBXBuildFile; fileRef = 72B2FBC2273CC34100382C12 /* ThemeLabelButton.swift */; };
		72B2FBD3273CC34200382C12 /* ThemeDeleteButton.swift in Sources */ = {isa = PBXBuildFile; fileRef = 72B2FBC4273CC34100382C12 /* ThemeDeleteButton.swift */; };
		72B2FBD4273CC34200382C12 /* ThemeSubmitButton.swift in Sources */ = {isa = PBXBuildFile; fileRef = 72B2FBC5273CC34100382C12 /* ThemeSubmitButton.swift */; };
		72B2FBD6273CC34200382C12 /* ThemeBarButton.swift in Sources */ = {isa = PBXBuildFile; fileRef = 72B2FBC7273CC34200382C12 /* ThemeBarButton.swift */; };
		72B2FBD7273CC34200382C12 /* ThemeBorderView.swift in Sources */ = {isa = PBXBuildFile; fileRef = 72B2FBC8273CC34200382C12 /* ThemeBorderView.swift */; };
		72B2FBD8273CC34200382C12 /* ThemeTextFieldLabel.swift in Sources */ = {isa = PBXBuildFile; fileRef = 72B2FBC9273CC34200382C12 /* ThemeTextFieldLabel.swift */; };
		72B2FBD9273CC34200382C12 /* ThemeScrollView.swift in Sources */ = {isa = PBXBuildFile; fileRef = 72B2FBCA273CC34200382C12 /* ThemeScrollView.swift */; };
		72B2FBDA273CC34200382C12 /* ThemeTextField.swift in Sources */ = {isa = PBXBuildFile; fileRef = 72B2FBCB273CC34200382C12 /* ThemeTextField.swift */; };
		72B2FBDB273CC34200382C12 /* ThemeView.swift in Sources */ = {isa = PBXBuildFile; fileRef = 72B2FBCC273CC34200382C12 /* ThemeView.swift */; };
		72B2FBDD273CC47200382C12 /* PaddedTextField.swift in Sources */ = {isa = PBXBuildFile; fileRef = 72B2FBDC273CC47200382C12 /* PaddedTextField.swift */; };
		72B2FBDF273CCB8C00382C12 /* VerticalPaginationManager.swift in Sources */ = {isa = PBXBuildFile; fileRef = 72B2FBDE273CCB8C00382C12 /* VerticalPaginationManager.swift */; };
		72C7A75A273F0E9100636346 /* HomeSearchViewController.swift in Sources */ = {isa = PBXBuildFile; fileRef = 72C7A759273F0E9100636346 /* HomeSearchViewController.swift */; };
		72C7A75D273F0F0E00636346 /* SearchHistoryCell.swift in Sources */ = {isa = PBXBuildFile; fileRef = 72C7A75C273F0F0E00636346 /* SearchHistoryCell.swift */; };
		72C7A75F273F213900636346 /* SearchResultCell.swift in Sources */ = {isa = PBXBuildFile; fileRef = 72C7A75E273F213900636346 /* SearchResultCell.swift */; };
		72C7A761273F2AA600636346 /* SearchNoResultCell.swift in Sources */ = {isa = PBXBuildFile; fileRef = 72C7A760273F2AA600636346 /* SearchNoResultCell.swift */; };
		72C7A763273F3DBA00636346 /* SearchDealsCell.swift in Sources */ = {isa = PBXBuildFile; fileRef = 72C7A762273F3DBA00636346 /* SearchDealsCell.swift */; };
		72C7A765273F3E3E00636346 /* SearchDealCell.swift in Sources */ = {isa = PBXBuildFile; fileRef = 72C7A764273F3E3E00636346 /* SearchDealCell.swift */; };
		72C7A767273F3F7000636346 /* SearchStoresCell.swift in Sources */ = {isa = PBXBuildFile; fileRef = 72C7A766273F3F7000636346 /* SearchStoresCell.swift */; };
		72C7A769273F425800636346 /* SearchHistoriesCell.swift in Sources */ = {isa = PBXBuildFile; fileRef = 72C7A768273F425800636346 /* SearchHistoriesCell.swift */; };
		72C7A76B273F429A00636346 /* SearchSuggestionCell.swift in Sources */ = {isa = PBXBuildFile; fileRef = 72C7A76A273F429A00636346 /* SearchSuggestionCell.swift */; };
		72C7A76D2740984600636346 /* SearchStoreCell.swift in Sources */ = {isa = PBXBuildFile; fileRef = 72C7A76C2740984600636346 /* SearchStoreCell.swift */; };
		72C7A7712741D1C800636346 /* SearchSectionHeaderView.swift in Sources */ = {isa = PBXBuildFile; fileRef = 72C7A7702741D1C800636346 /* SearchSectionHeaderView.swift */; };
		72C7A7732741D1D100636346 /* SearchSectionHeaderView.xib in Resources */ = {isa = PBXBuildFile; fileRef = 72C7A7722741D1D100636346 /* SearchSectionHeaderView.xib */; };
/* End PBXBuildFile section */

/* Begin PBXFileReference section */
		240736B886A5DD6675322EFA /* Pods-PoucouValley.release.xcconfig */ = {isa = PBXFileReference; includeInIndex = 1; lastKnownFileType = text.xcconfig; name = "Pods-PoucouValley.release.xcconfig"; path = "Target Support Files/Pods-PoucouValley/Pods-PoucouValley.release.xcconfig"; sourceTree = "<group>"; };
		2AFCAE10C40E6C4297F0D45D /* Pods_PoucouValley.framework */ = {isa = PBXFileReference; explicitFileType = wrapper.framework; includeInIndex = 0; path = Pods_PoucouValley.framework; sourceTree = BUILT_PRODUCTS_DIR; };
		7201EEE7282F564D00AD6585 /* Login.storyboard */ = {isa = PBXFileReference; fileEncoding = 4; lastKnownFileType = file.storyboard; path = Login.storyboard; sourceTree = "<group>"; };
		7201EEE92830943600AD6585 /* UserManager.swift */ = {isa = PBXFileReference; fileEncoding = 4; lastKnownFileType = sourcecode.swift; path = UserManager.swift; sourceTree = "<group>"; };
		7201EEEB2830950D00AD6585 /* PhotoResponse.swift */ = {isa = PBXFileReference; fileEncoding = 4; lastKnownFileType = sourcecode.swift; path = PhotoResponse.swift; sourceTree = "<group>"; };
		7201EEED2830A6DB00AD6585 /* Enums.swift */ = {isa = PBXFileReference; lastKnownFileType = sourcecode.swift; path = Enums.swift; sourceTree = "<group>"; };
		72707C012830ACD7004F3C3C /* GetStartedViewController.swift */ = {isa = PBXFileReference; fileEncoding = 4; lastKnownFileType = sourcecode.swift; path = GetStartedViewController.swift; sourceTree = "<group>"; };
		72707C032830ACFE004F3C3C /* GetStartedCell.swift */ = {isa = PBXFileReference; fileEncoding = 4; lastKnownFileType = sourcecode.swift; path = GetStartedCell.swift; sourceTree = "<group>"; };
		72707C052830B354004F3C3C /* GetStartedStepsResponse.swift */ = {isa = PBXFileReference; fileEncoding = 4; lastKnownFileType = sourcecode.swift; path = GetStartedStepsResponse.swift; sourceTree = "<group>"; };
		72707C0828320CD7004F3C3C /* GetStartedSteps.swift */ = {isa = PBXFileReference; lastKnownFileType = sourcecode.swift; path = GetStartedSteps.swift; sourceTree = "<group>"; };
		72707C0A28320CF9004F3C3C /* LoginResponse.swift */ = {isa = PBXFileReference; lastKnownFileType = sourcecode.swift; path = LoginResponse.swift; sourceTree = "<group>"; };
		72707C0C28320D26004F3C3C /* User.swift */ = {isa = PBXFileReference; lastKnownFileType = sourcecode.swift; path = User.swift; sourceTree = "<group>"; };
		72707C0E2832121E004F3C3C /* Cardholder.swift */ = {isa = PBXFileReference; lastKnownFileType = sourcecode.swift; path = Cardholder.swift; sourceTree = "<group>"; };
		72707C102832149C004F3C3C /* Avatar.swift */ = {isa = PBXFileReference; lastKnownFileType = sourcecode.swift; path = Avatar.swift; sourceTree = "<group>"; };
		72707C122832170F004F3C3C /* Contact.swift */ = {isa = PBXFileReference; lastKnownFileType = sourcecode.swift; path = Contact.swift; sourceTree = "<group>"; };
		72707C14283217C7004F3C3C /* Address.swift */ = {isa = PBXFileReference; lastKnownFileType = sourcecode.swift; path = Address.swift; sourceTree = "<group>"; };
		72707C1628321975004F3C3C /* Birthday.swift */ = {isa = PBXFileReference; lastKnownFileType = sourcecode.swift; path = Birthday.swift; sourceTree = "<group>"; };
		7297E52E2747173600F6F33B /* StoriesCollectionReusableView.swift */ = {isa = PBXFileReference; lastKnownFileType = sourcecode.swift; path = StoriesCollectionReusableView.swift; sourceTree = "<group>"; };
		7297E52F2747173600F6F33B /* StoriesCollectionReusableView.xib */ = {isa = PBXFileReference; lastKnownFileType = file.xib; path = StoriesCollectionReusableView.xib; sourceTree = "<group>"; };
		7297E53227471DE000F6F33B /* StoryCollectionViewCell.xib */ = {isa = PBXFileReference; lastKnownFileType = file.xib; path = StoryCollectionViewCell.xib; sourceTree = "<group>"; };
		72AC00AA2736F27700B452BE /* PoucouValley.app */ = {isa = PBXFileReference; explicitFileType = wrapper.application; includeInIndex = 0; path = PoucouValley.app; sourceTree = BUILT_PRODUCTS_DIR; };
		72AC00AD2736F27700B452BE /* AppDelegate.swift */ = {isa = PBXFileReference; lastKnownFileType = sourcecode.swift; path = AppDelegate.swift; sourceTree = "<group>"; };
		72AC00AF2736F27700B452BE /* SceneDelegate.swift */ = {isa = PBXFileReference; lastKnownFileType = sourcecode.swift; path = SceneDelegate.swift; sourceTree = "<group>"; };
		72AC00B42736F27700B452BE /* Base */ = {isa = PBXFileReference; lastKnownFileType = file.storyboard; name = Base; path = Base.lproj/Main.storyboard; sourceTree = "<group>"; };
		72AC00B62736F27900B452BE /* Assets.xcassets */ = {isa = PBXFileReference; lastKnownFileType = folder.assetcatalog; path = Assets.xcassets; sourceTree = "<group>"; };
		72AC00B92736F27900B452BE /* Base */ = {isa = PBXFileReference; lastKnownFileType = file.storyboard; name = Base; path = Base.lproj/LaunchScreen.storyboard; sourceTree = "<group>"; };
		72AC00BB2736F27900B452BE /* Info.plist */ = {isa = PBXFileReference; lastKnownFileType = text.plist.xml; path = Info.plist; sourceTree = "<group>"; };
		72AC00C22737045800B452BE /* Home.storyboard */ = {isa = PBXFileReference; lastKnownFileType = file.storyboard; path = Home.storyboard; sourceTree = "<group>"; };
		72AC00C52737294000B452BE /* FollowCollectionViewCell.swift */ = {isa = PBXFileReference; fileEncoding = 4; lastKnownFileType = sourcecode.swift; path = FollowCollectionViewCell.swift; sourceTree = "<group>"; };
		72AC00CB27373B8300B452BE /* HomeRootViewController.swift */ = {isa = PBXFileReference; fileEncoding = 4; lastKnownFileType = sourcecode.swift; path = HomeRootViewController.swift; sourceTree = "<group>"; };
		72AC00CE27373C1E00B452BE /* BaseViewController.swift */ = {isa = PBXFileReference; fileEncoding = 4; lastKnownFileType = sourcecode.swift; path = BaseViewController.swift; sourceTree = "<group>"; };
		72AC00D227373C1E00B452BE /* BaseButtonBarPagerTabStripViewController.swift */ = {isa = PBXFileReference; fileEncoding = 4; lastKnownFileType = sourcecode.swift; path = BaseButtonBarPagerTabStripViewController.swift; sourceTree = "<group>"; };
		72AC00DD273787CE00B452BE /* StoryboardManager.swift */ = {isa = PBXFileReference; fileEncoding = 4; lastKnownFileType = sourcecode.swift; path = StoryboardManager.swift; sourceTree = "<group>"; };
		72AC00DE273787CE00B452BE /* AppSettingsManager.swift */ = {isa = PBXFileReference; fileEncoding = 4; lastKnownFileType = sourcecode.swift; path = AppSettingsManager.swift; sourceTree = "<group>"; };
		72AC00EB27378FFA00B452BE /* UIImageView+Extension.swift */ = {isa = PBXFileReference; fileEncoding = 4; lastKnownFileType = sourcecode.swift; path = "UIImageView+Extension.swift"; sourceTree = "<group>"; };
		72AC00EC27378FFA00B452BE /* UIButton+Extensions.swift */ = {isa = PBXFileReference; fileEncoding = 4; lastKnownFileType = sourcecode.swift; path = "UIButton+Extensions.swift"; sourceTree = "<group>"; };
		72AC00ED27378FFA00B452BE /* AFError+Extensions.swift */ = {isa = PBXFileReference; fileEncoding = 4; lastKnownFileType = sourcecode.swift; path = "AFError+Extensions.swift"; sourceTree = "<group>"; };
		72AC00EE27378FFA00B452BE /* UIView+Extensions.swift */ = {isa = PBXFileReference; fileEncoding = 4; lastKnownFileType = sourcecode.swift; path = "UIView+Extensions.swift"; sourceTree = "<group>"; };
		72AC00EF27378FFA00B452BE /* DateFormatter+Extensions.swift */ = {isa = PBXFileReference; fileEncoding = 4; lastKnownFileType = sourcecode.swift; path = "DateFormatter+Extensions.swift"; sourceTree = "<group>"; };
		72AC00F027378FFA00B452BE /* PHAsset+Extensions.swift */ = {isa = PBXFileReference; fileEncoding = 4; lastKnownFileType = sourcecode.swift; path = "PHAsset+Extensions.swift"; sourceTree = "<group>"; };
		72AC00F127378FFA00B452BE /* String+Extensions.swift */ = {isa = PBXFileReference; fileEncoding = 4; lastKnownFileType = sourcecode.swift; path = "String+Extensions.swift"; sourceTree = "<group>"; };
		72AC00F227378FFA00B452BE /* UITextView+Extensions.swift */ = {isa = PBXFileReference; fileEncoding = 4; lastKnownFileType = sourcecode.swift; path = "UITextView+Extensions.swift"; sourceTree = "<group>"; };
		72AC00F427378FFA00B452BE /* UIImage+Extensions.swift */ = {isa = PBXFileReference; fileEncoding = 4; lastKnownFileType = sourcecode.swift; path = "UIImage+Extensions.swift"; sourceTree = "<group>"; };
		72AC00F527378FFA00B452BE /* UISearchBar+Extensions.swift */ = {isa = PBXFileReference; fileEncoding = 4; lastKnownFileType = sourcecode.swift; path = "UISearchBar+Extensions.swift"; sourceTree = "<group>"; };
		72AC00F627378FFA00B452BE /* UIViewController+Extension.swift */ = {isa = PBXFileReference; fileEncoding = 4; lastKnownFileType = sourcecode.swift; path = "UIViewController+Extension.swift"; sourceTree = "<group>"; };
		72AC00F827378FFA00B452BE /* UINavigationController+Extensions.swift */ = {isa = PBXFileReference; fileEncoding = 4; lastKnownFileType = sourcecode.swift; path = "UINavigationController+Extensions.swift"; sourceTree = "<group>"; };
		72AC00FA27378FFA00B452BE /* UIWindow+Extensions.swift */ = {isa = PBXFileReference; fileEncoding = 4; lastKnownFileType = sourcecode.swift; path = "UIWindow+Extensions.swift"; sourceTree = "<group>"; };
		72AC00FB27378FFA00B452BE /* CLPlacemark+Extensions.swift */ = {isa = PBXFileReference; fileEncoding = 4; lastKnownFileType = sourcecode.swift; path = "CLPlacemark+Extensions.swift"; sourceTree = "<group>"; };
		72AC00FC27378FFA00B452BE /* UITableView+Extensions.swift */ = {isa = PBXFileReference; fileEncoding = 4; lastKnownFileType = sourcecode.swift; path = "UITableView+Extensions.swift"; sourceTree = "<group>"; };
		72AC00FD27378FFA00B452BE /* TimeZone+Extensions.swift */ = {isa = PBXFileReference; fileEncoding = 4; lastKnownFileType = sourcecode.swift; path = "TimeZone+Extensions.swift"; sourceTree = "<group>"; };
		72AC00FF27378FFA00B452BE /* UIProgressView+Extensions.swift */ = {isa = PBXFileReference; fileEncoding = 4; lastKnownFileType = sourcecode.swift; path = "UIProgressView+Extensions.swift"; sourceTree = "<group>"; };
		72AC010027378FFA00B452BE /* UIScrollView+Extensions.swift */ = {isa = PBXFileReference; fileEncoding = 4; lastKnownFileType = sourcecode.swift; path = "UIScrollView+Extensions.swift"; sourceTree = "<group>"; };
		72AC010127378FFA00B452BE /* Date+Extensions.swift */ = {isa = PBXFileReference; fileEncoding = 4; lastKnownFileType = sourcecode.swift; path = "Date+Extensions.swift"; sourceTree = "<group>"; };
		72AC010227378FFA00B452BE /* UITextfield+Extension.swift */ = {isa = PBXFileReference; fileEncoding = 4; lastKnownFileType = sourcecode.swift; path = "UITextfield+Extension.swift"; sourceTree = "<group>"; };
		72AC010327378FFA00B452BE /* Double+Extensions.swift */ = {isa = PBXFileReference; fileEncoding = 4; lastKnownFileType = sourcecode.swift; path = "Double+Extensions.swift"; sourceTree = "<group>"; };
		72AC010427378FFA00B452BE /* UICollectionView+Extensions.swift */ = {isa = PBXFileReference; fileEncoding = 4; lastKnownFileType = sourcecode.swift; path = "UICollectionView+Extensions.swift"; sourceTree = "<group>"; };
		72AC01212737917D00B452BE /* dark-theme.plist */ = {isa = PBXFileReference; fileEncoding = 4; lastKnownFileType = text.plist.xml; path = "dark-theme.plist"; sourceTree = "<group>"; };
		72AC01222737917D00B452BE /* light-theme.plist */ = {isa = PBXFileReference; fileEncoding = 4; lastKnownFileType = text.plist.xml; path = "light-theme.plist"; sourceTree = "<group>"; };
		72AC01512738689C00B452BE /* APIRequestsURLs.swift */ = {isa = PBXFileReference; fileEncoding = 4; lastKnownFileType = sourcecode.swift; path = APIRequestsURLs.swift; sourceTree = "<group>"; };
		72AC01522738689C00B452BE /* PoucouAPI.swift */ = {isa = PBXFileReference; fileEncoding = 4; lastKnownFileType = sourcecode.swift; path = PoucouAPI.swift; sourceTree = "<group>"; };
		72AC01542738689C00B452BE /* NetworkService.swift */ = {isa = PBXFileReference; fileEncoding = 4; lastKnownFileType = sourcecode.swift; path = NetworkService.swift; sourceTree = "<group>"; };
		72AC015927387BB200B452BE /* UnsplashPhoto.swift */ = {isa = PBXFileReference; fileEncoding = 4; lastKnownFileType = sourcecode.swift; path = UnsplashPhoto.swift; sourceTree = "<group>"; };
		72AC019927388EBE00B452BE /* HomeFollowingViewController.swift */ = {isa = PBXFileReference; lastKnownFileType = sourcecode.swift; path = HomeFollowingViewController.swift; sourceTree = "<group>"; };
		72AC019B27388ED600B452BE /* HomeExploreViewController.swift */ = {isa = PBXFileReference; lastKnownFileType = sourcecode.swift; path = HomeExploreViewController.swift; sourceTree = "<group>"; };
		72AC019D27389DD500B452BE /* HomeShopViewController.swift */ = {isa = PBXFileReference; lastKnownFileType = sourcecode.swift; path = HomeShopViewController.swift; sourceTree = "<group>"; };
		72AC01A02738A80B00B452BE /* KeyBoardController.swift */ = {isa = PBXFileReference; fileEncoding = 4; lastKnownFileType = sourcecode.swift; path = KeyBoardController.swift; sourceTree = "<group>"; };
		72AC01A12738A80B00B452BE /* DateUtil.swift */ = {isa = PBXFileReference; fileEncoding = 4; lastKnownFileType = sourcecode.swift; path = DateUtil.swift; sourceTree = "<group>"; };
		72AC01A22738A80B00B452BE /* DelayedSearchTimer.swift */ = {isa = PBXFileReference; fileEncoding = 4; lastKnownFileType = sourcecode.swift; path = DelayedSearchTimer.swift; sourceTree = "<group>"; };
		72AC01A32738A80B00B452BE /* Validator.swift */ = {isa = PBXFileReference; fileEncoding = 4; lastKnownFileType = sourcecode.swift; path = Validator.swift; sourceTree = "<group>"; };
		72AC01A62738A80B00B452BE /* LoremSwiftum.swift */ = {isa = PBXFileReference; fileEncoding = 4; lastKnownFileType = sourcecode.swift; path = LoremSwiftum.swift; sourceTree = "<group>"; };
		72AC01A82738A80B00B452BE /* MICollectionViewBubbleLayout.swift */ = {isa = PBXFileReference; fileEncoding = 4; lastKnownFileType = sourcecode.swift; path = MICollectionViewBubbleLayout.swift; sourceTree = "<group>"; };
		72AC01A92738A80B00B452BE /* MIBubbleCollectionViewCell.swift */ = {isa = PBXFileReference; fileEncoding = 4; lastKnownFileType = sourcecode.swift; path = MIBubbleCollectionViewCell.swift; sourceTree = "<group>"; };
		72AC01AA2738A80B00B452BE /* MIMainViewController.swift */ = {isa = PBXFileReference; fileEncoding = 4; lastKnownFileType = sourcecode.swift; path = MIMainViewController.swift; sourceTree = "<group>"; };
		72AC01AB2738A80B00B452BE /* ImagePicker.swift */ = {isa = PBXFileReference; fileEncoding = 4; lastKnownFileType = sourcecode.swift; path = ImagePicker.swift; sourceTree = "<group>"; };
		72AC01AC2738A80B00B452BE /* RPicker.swift */ = {isa = PBXFileReference; fileEncoding = 4; lastKnownFileType = sourcecode.swift; path = RPicker.swift; sourceTree = "<group>"; };
		72AC01AD2738A80B00B452BE /* ExtendedLabel.swift */ = {isa = PBXFileReference; fileEncoding = 4; lastKnownFileType = sourcecode.swift; path = ExtendedLabel.swift; sourceTree = "<group>"; };
		72AC01AE2738A80B00B452BE /* CommonUtils.swift */ = {isa = PBXFileReference; fileEncoding = 4; lastKnownFileType = sourcecode.swift; path = CommonUtils.swift; sourceTree = "<group>"; };
		72AC01AF2738A80B00B452BE /* TimeAgo.swift */ = {isa = PBXFileReference; fileEncoding = 4; lastKnownFileType = sourcecode.swift; path = TimeAgo.swift; sourceTree = "<group>"; };
		72AC01BD2738B76600B452BE /* UIAlertController+Extension.swift */ = {isa = PBXFileReference; lastKnownFileType = sourcecode.swift; path = "UIAlertController+Extension.swift"; sourceTree = "<group>"; };
		72AC01BF2739F46400B452BE /* StoryCollectionViewCell.swift */ = {isa = PBXFileReference; lastKnownFileType = sourcecode.swift; path = StoryCollectionViewCell.swift; sourceTree = "<group>"; };
		72B2FB85273C554200382C12 /* Profile.storyboard */ = {isa = PBXFileReference; lastKnownFileType = file.storyboard; path = Profile.storyboard; sourceTree = "<group>"; };
		72B2FB87273C657D00382C12 /* ProfileDetailsHeader.xib */ = {isa = PBXFileReference; fileEncoding = 4; lastKnownFileType = file.xib; path = ProfileDetailsHeader.xib; sourceTree = "<group>"; };
		72B2FB88273C657D00382C12 /* ProfileDetailsHeader.swift */ = {isa = PBXFileReference; fileEncoding = 4; lastKnownFileType = sourcecode.swift; path = ProfileDetailsHeader.swift; sourceTree = "<group>"; };
		72B2FB8C273C6CA000382C12 /* Poppins-ExtraLight.ttf */ = {isa = PBXFileReference; lastKnownFileType = file; path = "Poppins-ExtraLight.ttf"; sourceTree = "<group>"; };
		72B2FB8D273C6CA000382C12 /* Poppins-ThinItalic.ttf */ = {isa = PBXFileReference; lastKnownFileType = file; path = "Poppins-ThinItalic.ttf"; sourceTree = "<group>"; };
		72B2FB8E273C6CA000382C12 /* Poppins-ExtraLightItalic.ttf */ = {isa = PBXFileReference; lastKnownFileType = file; path = "Poppins-ExtraLightItalic.ttf"; sourceTree = "<group>"; };
		72B2FB8F273C6CA000382C12 /* Poppins-BoldItalic.ttf */ = {isa = PBXFileReference; lastKnownFileType = file; path = "Poppins-BoldItalic.ttf"; sourceTree = "<group>"; };
		72B2FB90273C6CA000382C12 /* Poppins-Light.ttf */ = {isa = PBXFileReference; lastKnownFileType = file; path = "Poppins-Light.ttf"; sourceTree = "<group>"; };
		72B2FB91273C6CA000382C12 /* Poppins-Medium.ttf */ = {isa = PBXFileReference; lastKnownFileType = file; path = "Poppins-Medium.ttf"; sourceTree = "<group>"; };
		72B2FB92273C6CA000382C12 /* Poppins-SemiBoldItalic.ttf */ = {isa = PBXFileReference; lastKnownFileType = file; path = "Poppins-SemiBoldItalic.ttf"; sourceTree = "<group>"; };
		72B2FB93273C6CA000382C12 /* Poppins-ExtraBoldItalic.ttf */ = {isa = PBXFileReference; lastKnownFileType = file; path = "Poppins-ExtraBoldItalic.ttf"; sourceTree = "<group>"; };
		72B2FB94273C6CA000382C12 /* Poppins-ExtraBold.ttf */ = {isa = PBXFileReference; lastKnownFileType = file; path = "Poppins-ExtraBold.ttf"; sourceTree = "<group>"; };
		72B2FB95273C6CA000382C12 /* Poppins-BlackItalic.ttf */ = {isa = PBXFileReference; lastKnownFileType = file; path = "Poppins-BlackItalic.ttf"; sourceTree = "<group>"; };
		72B2FB96273C6CA000382C12 /* OFL.txt */ = {isa = PBXFileReference; fileEncoding = 4; lastKnownFileType = text; path = OFL.txt; sourceTree = "<group>"; };
		72B2FB97273C6CA000382C12 /* Poppins-Regular.ttf */ = {isa = PBXFileReference; lastKnownFileType = file; path = "Poppins-Regular.ttf"; sourceTree = "<group>"; };
		72B2FB98273C6CA000382C12 /* Poppins-LightItalic.ttf */ = {isa = PBXFileReference; lastKnownFileType = file; path = "Poppins-LightItalic.ttf"; sourceTree = "<group>"; };
		72B2FB99273C6CA000382C12 /* Poppins-Bold.ttf */ = {isa = PBXFileReference; lastKnownFileType = file; path = "Poppins-Bold.ttf"; sourceTree = "<group>"; };
		72B2FB9A273C6CA000382C12 /* Poppins-Black.ttf */ = {isa = PBXFileReference; lastKnownFileType = file; path = "Poppins-Black.ttf"; sourceTree = "<group>"; };
		72B2FB9B273C6CA000382C12 /* Poppins-Thin.ttf */ = {isa = PBXFileReference; lastKnownFileType = file; path = "Poppins-Thin.ttf"; sourceTree = "<group>"; };
		72B2FB9C273C6CA000382C12 /* Poppins-SemiBold.ttf */ = {isa = PBXFileReference; lastKnownFileType = file; path = "Poppins-SemiBold.ttf"; sourceTree = "<group>"; };
		72B2FB9D273C6CA000382C12 /* Poppins-Italic.ttf */ = {isa = PBXFileReference; lastKnownFileType = file; path = "Poppins-Italic.ttf"; sourceTree = "<group>"; };
		72B2FB9E273C6CA000382C12 /* Poppins-MediumItalic.ttf */ = {isa = PBXFileReference; lastKnownFileType = file; path = "Poppins-MediumItalic.ttf"; sourceTree = "<group>"; };
		72B2FBB2273CAA2000382C12 /* GiftTableViewCell.swift */ = {isa = PBXFileReference; lastKnownFileType = sourcecode.swift; path = GiftTableViewCell.swift; sourceTree = "<group>"; };
		72B2FBB5273CAB2000382C12 /* MyProfileViewController.swift */ = {isa = PBXFileReference; lastKnownFileType = sourcecode.swift; path = MyProfileViewController.swift; sourceTree = "<group>"; };
		72B2FBB8273CBF9300382C12 /* ThemeData.swift */ = {isa = PBXFileReference; fileEncoding = 4; lastKnownFileType = sourcecode.swift; path = ThemeData.swift; sourceTree = "<group>"; };
		72B2FBB9273CBF9300382C12 /* ThemeManager.swift */ = {isa = PBXFileReference; fileEncoding = 4; lastKnownFileType = sourcecode.swift; path = ThemeManager.swift; sourceTree = "<group>"; };
		72B2FBBC273CC00900382C12 /* UIColor+Extension.swift */ = {isa = PBXFileReference; fileEncoding = 4; lastKnownFileType = sourcecode.swift; path = "UIColor+Extension.swift"; sourceTree = "<group>"; };
		72B2FBBE273CC34100382C12 /* ThemeSecondaryButton.swift */ = {isa = PBXFileReference; fileEncoding = 4; lastKnownFileType = sourcecode.swift; path = ThemeSecondaryButton.swift; sourceTree = "<group>"; };
		72B2FBBF273CC34100382C12 /* ThemeSearchBar.swift */ = {isa = PBXFileReference; fileEncoding = 4; lastKnownFileType = sourcecode.swift; path = ThemeSearchBar.swift; sourceTree = "<group>"; };
		72B2FBC0273CC34100382C12 /* ThemeBorderRoundView.swift */ = {isa = PBXFileReference; fileEncoding = 4; lastKnownFileType = sourcecode.swift; path = ThemeBorderRoundView.swift; sourceTree = "<group>"; };
		72B2FBC2273CC34100382C12 /* ThemeLabelButton.swift */ = {isa = PBXFileReference; fileEncoding = 4; lastKnownFileType = sourcecode.swift; path = ThemeLabelButton.swift; sourceTree = "<group>"; };
		72B2FBC4273CC34100382C12 /* ThemeDeleteButton.swift */ = {isa = PBXFileReference; fileEncoding = 4; lastKnownFileType = sourcecode.swift; path = ThemeDeleteButton.swift; sourceTree = "<group>"; };
		72B2FBC5273CC34100382C12 /* ThemeSubmitButton.swift */ = {isa = PBXFileReference; fileEncoding = 4; lastKnownFileType = sourcecode.swift; path = ThemeSubmitButton.swift; sourceTree = "<group>"; };
		72B2FBC7273CC34200382C12 /* ThemeBarButton.swift */ = {isa = PBXFileReference; fileEncoding = 4; lastKnownFileType = sourcecode.swift; path = ThemeBarButton.swift; sourceTree = "<group>"; };
		72B2FBC8273CC34200382C12 /* ThemeBorderView.swift */ = {isa = PBXFileReference; fileEncoding = 4; lastKnownFileType = sourcecode.swift; path = ThemeBorderView.swift; sourceTree = "<group>"; };
		72B2FBC9273CC34200382C12 /* ThemeTextFieldLabel.swift */ = {isa = PBXFileReference; fileEncoding = 4; lastKnownFileType = sourcecode.swift; path = ThemeTextFieldLabel.swift; sourceTree = "<group>"; };
		72B2FBCA273CC34200382C12 /* ThemeScrollView.swift */ = {isa = PBXFileReference; fileEncoding = 4; lastKnownFileType = sourcecode.swift; path = ThemeScrollView.swift; sourceTree = "<group>"; };
		72B2FBCB273CC34200382C12 /* ThemeTextField.swift */ = {isa = PBXFileReference; fileEncoding = 4; lastKnownFileType = sourcecode.swift; path = ThemeTextField.swift; sourceTree = "<group>"; };
		72B2FBCC273CC34200382C12 /* ThemeView.swift */ = {isa = PBXFileReference; fileEncoding = 4; lastKnownFileType = sourcecode.swift; path = ThemeView.swift; sourceTree = "<group>"; };
		72B2FBDC273CC47200382C12 /* PaddedTextField.swift */ = {isa = PBXFileReference; fileEncoding = 4; lastKnownFileType = sourcecode.swift; path = PaddedTextField.swift; sourceTree = "<group>"; };
		72B2FBDE273CCB8C00382C12 /* VerticalPaginationManager.swift */ = {isa = PBXFileReference; fileEncoding = 4; lastKnownFileType = sourcecode.swift; path = VerticalPaginationManager.swift; sourceTree = "<group>"; };
		72C7A759273F0E9100636346 /* HomeSearchViewController.swift */ = {isa = PBXFileReference; lastKnownFileType = sourcecode.swift; path = HomeSearchViewController.swift; sourceTree = "<group>"; };
		72C7A75C273F0F0E00636346 /* SearchHistoryCell.swift */ = {isa = PBXFileReference; lastKnownFileType = sourcecode.swift; path = SearchHistoryCell.swift; sourceTree = "<group>"; };
		72C7A75E273F213900636346 /* SearchResultCell.swift */ = {isa = PBXFileReference; lastKnownFileType = sourcecode.swift; path = SearchResultCell.swift; sourceTree = "<group>"; };
		72C7A760273F2AA600636346 /* SearchNoResultCell.swift */ = {isa = PBXFileReference; lastKnownFileType = sourcecode.swift; path = SearchNoResultCell.swift; sourceTree = "<group>"; };
		72C7A762273F3DBA00636346 /* SearchDealsCell.swift */ = {isa = PBXFileReference; lastKnownFileType = sourcecode.swift; path = SearchDealsCell.swift; sourceTree = "<group>"; };
		72C7A764273F3E3E00636346 /* SearchDealCell.swift */ = {isa = PBXFileReference; lastKnownFileType = sourcecode.swift; path = SearchDealCell.swift; sourceTree = "<group>"; };
		72C7A766273F3F7000636346 /* SearchStoresCell.swift */ = {isa = PBXFileReference; lastKnownFileType = sourcecode.swift; path = SearchStoresCell.swift; sourceTree = "<group>"; };
		72C7A768273F425800636346 /* SearchHistoriesCell.swift */ = {isa = PBXFileReference; lastKnownFileType = sourcecode.swift; path = SearchHistoriesCell.swift; sourceTree = "<group>"; };
		72C7A76A273F429A00636346 /* SearchSuggestionCell.swift */ = {isa = PBXFileReference; lastKnownFileType = sourcecode.swift; path = SearchSuggestionCell.swift; sourceTree = "<group>"; };
		72C7A76C2740984600636346 /* SearchStoreCell.swift */ = {isa = PBXFileReference; lastKnownFileType = sourcecode.swift; path = SearchStoreCell.swift; sourceTree = "<group>"; };
		72C7A7702741D1C800636346 /* SearchSectionHeaderView.swift */ = {isa = PBXFileReference; lastKnownFileType = sourcecode.swift; path = SearchSectionHeaderView.swift; sourceTree = "<group>"; };
		72C7A7722741D1D100636346 /* SearchSectionHeaderView.xib */ = {isa = PBXFileReference; lastKnownFileType = file.xib; path = SearchSectionHeaderView.xib; sourceTree = "<group>"; };
		A7AEE07A370CA6795249CEB2 /* Pods-PoucouValley.debug.xcconfig */ = {isa = PBXFileReference; includeInIndex = 1; lastKnownFileType = text.xcconfig; name = "Pods-PoucouValley.debug.xcconfig"; path = "Target Support Files/Pods-PoucouValley/Pods-PoucouValley.debug.xcconfig"; sourceTree = "<group>"; };
/* End PBXFileReference section */

/* Begin PBXFrameworksBuildPhase section */
		72AC00A72736F27700B452BE /* Frameworks */ = {
			isa = PBXFrameworksBuildPhase;
			buildActionMask = 2147483647;
			files = (
				2DA8ECC55AE12BB14D75F87C /* Pods_PoucouValley.framework in Frameworks */,
			);
			runOnlyForDeploymentPostprocessing = 0;
		};
/* End PBXFrameworksBuildPhase section */

/* Begin PBXGroup section */
		55F4C1B7F921AC09C65AF72D /* Frameworks */ = {
			isa = PBXGroup;
			children = (
				2AFCAE10C40E6C4297F0D45D /* Pods_PoucouValley.framework */,
			);
			name = Frameworks;
			sourceTree = "<group>";
		};
		72707C002830ACB2004F3C3C /* Get Started */ = {
			isa = PBXGroup;
			children = (
				72707C032830ACFE004F3C3C /* GetStartedCell.swift */,
				72707C012830ACD7004F3C3C /* GetStartedViewController.swift */,
			);
			path = "Get Started";
			sourceTree = "<group>";
		};
		72707C0728320CC4004F3C3C /* Responses */ = {
			isa = PBXGroup;
			children = (
				72707C052830B354004F3C3C /* GetStartedStepsResponse.swift */,
				72707C0A28320CF9004F3C3C /* LoginResponse.swift */,
			);
			path = Responses;
			sourceTree = "<group>";
		};
		72AC00A12736F27700B452BE = {
			isa = PBXGroup;
			children = (
				72AC00AC2736F27700B452BE /* PoucouValley */,
				72AC00AB2736F27700B452BE /* Products */,
				A10BA6387A86372DA0B8759A /* Pods */,
				55F4C1B7F921AC09C65AF72D /* Frameworks */,
			);
			sourceTree = "<group>";
		};
		72AC00AB2736F27700B452BE /* Products */ = {
			isa = PBXGroup;
			children = (
				72AC00AA2736F27700B452BE /* PoucouValley.app */,
			);
			name = Products;
			sourceTree = "<group>";
		};
		72AC00AC2736F27700B452BE /* PoucouValley */ = {
			isa = PBXGroup;
			children = (
				72AC00AD2736F27700B452BE /* AppDelegate.swift */,
				72AC00AF2736F27700B452BE /* SceneDelegate.swift */,
				72AC019F2738A80B00B452BE /* Utils */,
				72AC011F2737917D00B452BE /* Theme */,
				72AC00EA27378FFA00B452BE /* Extensions */,
				72AC00DA273787CE00B452BE /* Managers */,
				72AC00C42737290B00B452BE /* Views */,
				72AC00C7273729F500B452BE /* View Controllers */,
				72AC00C12737043D00B452BE /* Storyboards */,
				72AC014F2738689C00B452BE /* Services */,
				72AC015827387BB200B452BE /* Models */,
				72AC00B62736F27900B452BE /* Assets.xcassets */,
				72AC00B82736F27900B452BE /* LaunchScreen.storyboard */,
				72AC00BB2736F27900B452BE /* Info.plist */,
			);
			path = PoucouValley;
			sourceTree = "<group>";
		};
		72AC00C12737043D00B452BE /* Storyboards */ = {
			isa = PBXGroup;
			children = (
				7201EEE7282F564D00AD6585 /* Login.storyboard */,
				72AC00B32736F27700B452BE /* Main.storyboard */,
				72AC00C22737045800B452BE /* Home.storyboard */,
				72B2FB85273C554200382C12 /* Profile.storyboard */,
			);
			path = Storyboards;
			sourceTree = "<group>";
		};
		72AC00C42737290B00B452BE /* Views */ = {
			isa = PBXGroup;
			children = (
				72C7A75B273F0ED500636346 /* Search screen cells */,
				72B2FB88273C657D00382C12 /* ProfileDetailsHeader.swift */,
				72B2FB87273C657D00382C12 /* ProfileDetailsHeader.xib */,
				72AC00C52737294000B452BE /* FollowCollectionViewCell.swift */,
				72AC01BF2739F46400B452BE /* StoryCollectionViewCell.swift */,
				7297E53227471DE000F6F33B /* StoryCollectionViewCell.xib */,
				72B2FBB2273CAA2000382C12 /* GiftTableViewCell.swift */,
				7297E52E2747173600F6F33B /* StoriesCollectionReusableView.swift */,
				7297E52F2747173600F6F33B /* StoriesCollectionReusableView.xib */,
			);
			path = Views;
			sourceTree = "<group>";
		};
		72AC00C7273729F500B452BE /* View Controllers */ = {
			isa = PBXGroup;
			children = (
				72AC00CD27373C1E00B452BE /* Base */,
				72707C002830ACB2004F3C3C /* Get Started */,
				72AC00CA27373B8300B452BE /* Home */,
				72B2FBB4273CAB0600382C12 /* Profile */,
			);
			path = "View Controllers";
			sourceTree = "<group>";
		};
		72AC00CA27373B8300B452BE /* Home */ = {
			isa = PBXGroup;
			children = (
				72AC00CB27373B8300B452BE /* HomeRootViewController.swift */,
				72AC019B27388ED600B452BE /* HomeExploreViewController.swift */,
				72AC019D27389DD500B452BE /* HomeShopViewController.swift */,
				72AC019927388EBE00B452BE /* HomeFollowingViewController.swift */,
				72C7A759273F0E9100636346 /* HomeSearchViewController.swift */,
			);
			path = Home;
			sourceTree = "<group>";
		};
		72AC00CD27373C1E00B452BE /* Base */ = {
			isa = PBXGroup;
			children = (
				72AC00CE27373C1E00B452BE /* BaseViewController.swift */,
				72AC00D227373C1E00B452BE /* BaseButtonBarPagerTabStripViewController.swift */,
			);
			path = Base;
			sourceTree = "<group>";
		};
		72AC00DA273787CE00B452BE /* Managers */ = {
			isa = PBXGroup;
			children = (
				72AC00DD273787CE00B452BE /* StoryboardManager.swift */,
				72AC00DE273787CE00B452BE /* AppSettingsManager.swift */,
				7201EEE92830943600AD6585 /* UserManager.swift */,
			);
			path = Managers;
			sourceTree = "<group>";
		};
		72AC00EA27378FFA00B452BE /* Extensions */ = {
			isa = PBXGroup;
			children = (
				72B2FBBC273CC00900382C12 /* UIColor+Extension.swift */,
				72AC00EB27378FFA00B452BE /* UIImageView+Extension.swift */,
				72AC00EC27378FFA00B452BE /* UIButton+Extensions.swift */,
				72AC00ED27378FFA00B452BE /* AFError+Extensions.swift */,
				72AC00EE27378FFA00B452BE /* UIView+Extensions.swift */,
				72AC00EF27378FFA00B452BE /* DateFormatter+Extensions.swift */,
				72AC00F027378FFA00B452BE /* PHAsset+Extensions.swift */,
				72AC00F127378FFA00B452BE /* String+Extensions.swift */,
				72AC00F227378FFA00B452BE /* UITextView+Extensions.swift */,
				72AC00F427378FFA00B452BE /* UIImage+Extensions.swift */,
				72AC00F527378FFA00B452BE /* UISearchBar+Extensions.swift */,
				72AC00F627378FFA00B452BE /* UIViewController+Extension.swift */,
				72AC00F827378FFA00B452BE /* UINavigationController+Extensions.swift */,
				72AC00FA27378FFA00B452BE /* UIWindow+Extensions.swift */,
				72AC00FB27378FFA00B452BE /* CLPlacemark+Extensions.swift */,
				72AC00FC27378FFA00B452BE /* UITableView+Extensions.swift */,
				72AC00FD27378FFA00B452BE /* TimeZone+Extensions.swift */,
				72AC00FF27378FFA00B452BE /* UIProgressView+Extensions.swift */,
				72AC010027378FFA00B452BE /* UIScrollView+Extensions.swift */,
				72AC010127378FFA00B452BE /* Date+Extensions.swift */,
				72AC010227378FFA00B452BE /* UITextfield+Extension.swift */,
				72AC010327378FFA00B452BE /* Double+Extensions.swift */,
				72AC010427378FFA00B452BE /* UICollectionView+Extensions.swift */,
				72AC01BD2738B76600B452BE /* UIAlertController+Extension.swift */,
			);
			path = Extensions;
			sourceTree = "<group>";
		};
		72AC011F2737917D00B452BE /* Theme */ = {
			isa = PBXGroup;
			children = (
				72B2FBB7273CBF9300382C12 /* Class */,
				72AC01202737917D00B452BE /* Plist */,
				72AC01232737917D00B452BE /* Subclasses */,
				72AC01342737917D00B452BE /* Fonts */,
			);
			path = Theme;
			sourceTree = "<group>";
		};
		72AC01202737917D00B452BE /* Plist */ = {
			isa = PBXGroup;
			children = (
				72AC01212737917D00B452BE /* dark-theme.plist */,
				72AC01222737917D00B452BE /* light-theme.plist */,
			);
			path = Plist;
			sourceTree = "<group>";
		};
		72AC01232737917D00B452BE /* Subclasses */ = {
			isa = PBXGroup;
			children = (
				72B2FBC7273CC34200382C12 /* ThemeBarButton.swift */,
				72B2FBC0273CC34100382C12 /* ThemeBorderRoundView.swift */,
				72B2FBC8273CC34200382C12 /* ThemeBorderView.swift */,
				72B2FBC4273CC34100382C12 /* ThemeDeleteButton.swift */,
				72B2FBC2273CC34100382C12 /* ThemeLabelButton.swift */,
				72B2FBCA273CC34200382C12 /* ThemeScrollView.swift */,
				72B2FBBF273CC34100382C12 /* ThemeSearchBar.swift */,
				72B2FBBE273CC34100382C12 /* ThemeSecondaryButton.swift */,
				72B2FBC5273CC34100382C12 /* ThemeSubmitButton.swift */,
				72B2FBCB273CC34200382C12 /* ThemeTextField.swift */,
				72B2FBC9273CC34200382C12 /* ThemeTextFieldLabel.swift */,
				72B2FBCC273CC34200382C12 /* ThemeView.swift */,
			);
			path = Subclasses;
			sourceTree = "<group>";
		};
		72AC01342737917D00B452BE /* Fonts */ = {
			isa = PBXGroup;
			children = (
				72B2FB8B273C6CA000382C12 /* Poppins */,
			);
			path = Fonts;
			sourceTree = "<group>";
		};
		72AC014F2738689C00B452BE /* Services */ = {
			isa = PBXGroup;
			children = (
				72AC01532738689C00B452BE /* Network Service */,
				72AC01502738689C00B452BE /* API */,
			);
			path = Services;
			sourceTree = "<group>";
		};
		72AC01502738689C00B452BE /* API */ = {
			isa = PBXGroup;
			children = (
				72AC01512738689C00B452BE /* APIRequestsURLs.swift */,
				72AC01522738689C00B452BE /* PoucouAPI.swift */,
			);
			path = API;
			sourceTree = "<group>";
		};
		72AC01532738689C00B452BE /* Network Service */ = {
			isa = PBXGroup;
			children = (
				72AC01542738689C00B452BE /* NetworkService.swift */,
			);
			path = "Network Service";
			sourceTree = "<group>";
		};
		72AC015827387BB200B452BE /* Models */ = {
			isa = PBXGroup;
			children = (
				72707C0728320CC4004F3C3C /* Responses */,
				7201EEEB2830950D00AD6585 /* PhotoResponse.swift */,
				72AC015927387BB200B452BE /* UnsplashPhoto.swift */,
				7201EEED2830A6DB00AD6585 /* Enums.swift */,
				72707C0828320CD7004F3C3C /* GetStartedSteps.swift */,
				72707C0C28320D26004F3C3C /* User.swift */,
				72707C0E2832121E004F3C3C /* Cardholder.swift */,
				72707C1628321975004F3C3C /* Birthday.swift */,
				72707C14283217C7004F3C3C /* Address.swift */,
				72707C122832170F004F3C3C /* Contact.swift */,
				72707C102832149C004F3C3C /* Avatar.swift */,
			);
			path = Models;
			sourceTree = "<group>";
		};
		72AC019F2738A80B00B452BE /* Utils */ = {
			isa = PBXGroup;
			children = (
				72AC01A42738A80B00B452BE /* External Lib */,
				72AC01A02738A80B00B452BE /* KeyBoardController.swift */,
				72AC01A12738A80B00B452BE /* DateUtil.swift */,
				72AC01A22738A80B00B452BE /* DelayedSearchTimer.swift */,
				72AC01A32738A80B00B452BE /* Validator.swift */,
				72AC01AE2738A80B00B452BE /* CommonUtils.swift */,
				72AC01AF2738A80B00B452BE /* TimeAgo.swift */,
				72B2FBDC273CC47200382C12 /* PaddedTextField.swift */,
				72B2FBDE273CCB8C00382C12 /* VerticalPaginationManager.swift */,
			);
			path = Utils;
			sourceTree = "<group>";
		};
		72AC01A42738A80B00B452BE /* External Lib */ = {
			isa = PBXGroup;
			children = (
				72AC01A52738A80B00B452BE /* LoremSwiftum */,
				72AC01A72738A80B00B452BE /* BubbleCollectionViewLayout */,
				72AC01AB2738A80B00B452BE /* ImagePicker.swift */,
				72AC01AC2738A80B00B452BE /* RPicker.swift */,
				72AC01AD2738A80B00B452BE /* ExtendedLabel.swift */,
			);
			path = "External Lib";
			sourceTree = "<group>";
		};
		72AC01A52738A80B00B452BE /* LoremSwiftum */ = {
			isa = PBXGroup;
			children = (
				72AC01A62738A80B00B452BE /* LoremSwiftum.swift */,
			);
			path = LoremSwiftum;
			sourceTree = "<group>";
		};
		72AC01A72738A80B00B452BE /* BubbleCollectionViewLayout */ = {
			isa = PBXGroup;
			children = (
				72AC01A82738A80B00B452BE /* MICollectionViewBubbleLayout.swift */,
				72AC01A92738A80B00B452BE /* MIBubbleCollectionViewCell.swift */,
				72AC01AA2738A80B00B452BE /* MIMainViewController.swift */,
			);
			path = BubbleCollectionViewLayout;
			sourceTree = "<group>";
		};
		72B2FB8B273C6CA000382C12 /* Poppins */ = {
			isa = PBXGroup;
			children = (
				72B2FB8C273C6CA000382C12 /* Poppins-ExtraLight.ttf */,
				72B2FB8D273C6CA000382C12 /* Poppins-ThinItalic.ttf */,
				72B2FB8E273C6CA000382C12 /* Poppins-ExtraLightItalic.ttf */,
				72B2FB8F273C6CA000382C12 /* Poppins-BoldItalic.ttf */,
				72B2FB90273C6CA000382C12 /* Poppins-Light.ttf */,
				72B2FB91273C6CA000382C12 /* Poppins-Medium.ttf */,
				72B2FB92273C6CA000382C12 /* Poppins-SemiBoldItalic.ttf */,
				72B2FB93273C6CA000382C12 /* Poppins-ExtraBoldItalic.ttf */,
				72B2FB94273C6CA000382C12 /* Poppins-ExtraBold.ttf */,
				72B2FB95273C6CA000382C12 /* Poppins-BlackItalic.ttf */,
				72B2FB96273C6CA000382C12 /* OFL.txt */,
				72B2FB97273C6CA000382C12 /* Poppins-Regular.ttf */,
				72B2FB98273C6CA000382C12 /* Poppins-LightItalic.ttf */,
				72B2FB99273C6CA000382C12 /* Poppins-Bold.ttf */,
				72B2FB9A273C6CA000382C12 /* Poppins-Black.ttf */,
				72B2FB9B273C6CA000382C12 /* Poppins-Thin.ttf */,
				72B2FB9C273C6CA000382C12 /* Poppins-SemiBold.ttf */,
				72B2FB9D273C6CA000382C12 /* Poppins-Italic.ttf */,
				72B2FB9E273C6CA000382C12 /* Poppins-MediumItalic.ttf */,
			);
			path = Poppins;
			sourceTree = "<group>";
		};
		72B2FBB4273CAB0600382C12 /* Profile */ = {
			isa = PBXGroup;
			children = (
				72B2FBB5273CAB2000382C12 /* MyProfileViewController.swift */,
			);
			path = Profile;
			sourceTree = "<group>";
		};
		72B2FBB7273CBF9300382C12 /* Class */ = {
			isa = PBXGroup;
			children = (
				72B2FBB8273CBF9300382C12 /* ThemeData.swift */,
				72B2FBB9273CBF9300382C12 /* ThemeManager.swift */,
			);
			path = Class;
			sourceTree = "<group>";
		};
		72C7A75B273F0ED500636346 /* Search screen cells */ = {
			isa = PBXGroup;
			children = (
				72C7A7702741D1C800636346 /* SearchSectionHeaderView.swift */,
				72C7A7722741D1D100636346 /* SearchSectionHeaderView.xib */,
				72C7A768273F425800636346 /* SearchHistoriesCell.swift */,
				72C7A75C273F0F0E00636346 /* SearchHistoryCell.swift */,
				72C7A75E273F213900636346 /* SearchResultCell.swift */,
				72C7A760273F2AA600636346 /* SearchNoResultCell.swift */,
				72C7A76A273F429A00636346 /* SearchSuggestionCell.swift */,
				72C7A762273F3DBA00636346 /* SearchDealsCell.swift */,
				72C7A764273F3E3E00636346 /* SearchDealCell.swift */,
				72C7A766273F3F7000636346 /* SearchStoresCell.swift */,
				72C7A76C2740984600636346 /* SearchStoreCell.swift */,
			);
			path = "Search screen cells";
			sourceTree = "<group>";
		};
		A10BA6387A86372DA0B8759A /* Pods */ = {
			isa = PBXGroup;
			children = (
				A7AEE07A370CA6795249CEB2 /* Pods-PoucouValley.debug.xcconfig */,
				240736B886A5DD6675322EFA /* Pods-PoucouValley.release.xcconfig */,
			);
			path = Pods;
			sourceTree = "<group>";
		};
/* End PBXGroup section */

/* Begin PBXNativeTarget section */
		72AC00A92736F27700B452BE /* PoucouValley */ = {
			isa = PBXNativeTarget;
			buildConfigurationList = 72AC00BE2736F27900B452BE /* Build configuration list for PBXNativeTarget "PoucouValley" */;
			buildPhases = (
				B1024DE3CDDBCBFD68FAEC0D /* [CP] Check Pods Manifest.lock */,
				72AC00A62736F27700B452BE /* Sources */,
				72AC00A72736F27700B452BE /* Frameworks */,
				72AC00A82736F27700B452BE /* Resources */,
				5A90BCECFF8AD0006627F1C9 /* [CP] Embed Pods Frameworks */,
			);
			buildRules = (
			);
			dependencies = (
			);
			name = PoucouValley;
			productName = PoucouValley;
			productReference = 72AC00AA2736F27700B452BE /* PoucouValley.app */;
			productType = "com.apple.product-type.application";
		};
/* End PBXNativeTarget section */

/* Begin PBXProject section */
		72AC00A22736F27700B452BE /* Project object */ = {
			isa = PBXProject;
			attributes = {
				BuildIndependentTargetsInParallel = 1;
				LastSwiftUpdateCheck = 1300;
				LastUpgradeCheck = 1300;
				TargetAttributes = {
					72AC00A92736F27700B452BE = {
						CreatedOnToolsVersion = 13.0;
					};
				};
			};
			buildConfigurationList = 72AC00A52736F27700B452BE /* Build configuration list for PBXProject "PoucouValley" */;
			compatibilityVersion = "Xcode 13.0";
			developmentRegion = en;
			hasScannedForEncodings = 0;
			knownRegions = (
				en,
				Base,
			);
			mainGroup = 72AC00A12736F27700B452BE;
			productRefGroup = 72AC00AB2736F27700B452BE /* Products */;
			projectDirPath = "";
			projectRoot = "";
			targets = (
				72AC00A92736F27700B452BE /* PoucouValley */,
			);
		};
/* End PBXProject section */

/* Begin PBXResourcesBuildPhase section */
		72AC00A82736F27700B452BE /* Resources */ = {
			isa = PBXResourcesBuildPhase;
			buildActionMask = 2147483647;
			files = (
				72B2FB86273C554200382C12 /* Profile.storyboard in Resources */,
				72B2FBA4273C6CA000382C12 /* Poppins-Medium.ttf in Resources */,
				72B2FBA3273C6CA000382C12 /* Poppins-Light.ttf in Resources */,
				72C7A7732741D1D100636346 /* SearchSectionHeaderView.xib in Resources */,
				72AC01392737917D00B452BE /* dark-theme.plist in Resources */,
				72B2FBAD273C6CA000382C12 /* Poppins-Black.ttf in Resources */,
				72B2FB89273C657D00382C12 /* ProfileDetailsHeader.xib in Resources */,
				72B2FBA5273C6CA000382C12 /* Poppins-SemiBoldItalic.ttf in Resources */,
				72B2FBB1273C6CA000382C12 /* Poppins-MediumItalic.ttf in Resources */,
				72B2FBA2273C6CA000382C12 /* Poppins-BoldItalic.ttf in Resources */,
				72B2FBAC273C6CA000382C12 /* Poppins-Bold.ttf in Resources */,
				72B2FB9F273C6CA000382C12 /* Poppins-ExtraLight.ttf in Resources */,
				72B2FBA6273C6CA000382C12 /* Poppins-ExtraBoldItalic.ttf in Resources */,
				72B2FBA9273C6CA000382C12 /* OFL.txt in Resources */,
				7201EEE8282F564D00AD6585 /* Login.storyboard in Resources */,
				7297E5312747173600F6F33B /* StoriesCollectionReusableView.xib in Resources */,
				72AC00BA2736F27900B452BE /* LaunchScreen.storyboard in Resources */,
				7297E53327471DE000F6F33B /* StoryCollectionViewCell.xib in Resources */,
				72AC00B72736F27900B452BE /* Assets.xcassets in Resources */,
				72B2FBA1273C6CA000382C12 /* Poppins-ExtraLightItalic.ttf in Resources */,
				72AC00B52736F27700B452BE /* Main.storyboard in Resources */,
				72B2FBA0273C6CA000382C12 /* Poppins-ThinItalic.ttf in Resources */,
				72B2FBA7273C6CA000382C12 /* Poppins-ExtraBold.ttf in Resources */,
				72B2FBAB273C6CA000382C12 /* Poppins-LightItalic.ttf in Resources */,
				72AC00C32737045800B452BE /* Home.storyboard in Resources */,
				72B2FBB0273C6CA000382C12 /* Poppins-Italic.ttf in Resources */,
				72B2FBAF273C6CA000382C12 /* Poppins-SemiBold.ttf in Resources */,
				72B2FBA8273C6CA000382C12 /* Poppins-BlackItalic.ttf in Resources */,
				72B2FBAE273C6CA000382C12 /* Poppins-Thin.ttf in Resources */,
				72AC013A2737917D00B452BE /* light-theme.plist in Resources */,
				72B2FBAA273C6CA000382C12 /* Poppins-Regular.ttf in Resources */,
			);
			runOnlyForDeploymentPostprocessing = 0;
		};
/* End PBXResourcesBuildPhase section */

/* Begin PBXShellScriptBuildPhase section */
		5A90BCECFF8AD0006627F1C9 /* [CP] Embed Pods Frameworks */ = {
			isa = PBXShellScriptBuildPhase;
			buildActionMask = 2147483647;
			files = (
			);
			inputFileListPaths = (
				"${PODS_ROOT}/Target Support Files/Pods-PoucouValley/Pods-PoucouValley-frameworks-${CONFIGURATION}-input-files.xcfilelist",
			);
			name = "[CP] Embed Pods Frameworks";
			outputFileListPaths = (
				"${PODS_ROOT}/Target Support Files/Pods-PoucouValley/Pods-PoucouValley-frameworks-${CONFIGURATION}-output-files.xcfilelist",
			);
			runOnlyForDeploymentPostprocessing = 0;
			shellPath = /bin/sh;
			shellScript = "\"${PODS_ROOT}/Target Support Files/Pods-PoucouValley/Pods-PoucouValley-frameworks.sh\"\n";
			showEnvVarsInLog = 0;
		};
		B1024DE3CDDBCBFD68FAEC0D /* [CP] Check Pods Manifest.lock */ = {
			isa = PBXShellScriptBuildPhase;
			buildActionMask = 2147483647;
			files = (
			);
			inputFileListPaths = (
			);
			inputPaths = (
				"${PODS_PODFILE_DIR_PATH}/Podfile.lock",
				"${PODS_ROOT}/Manifest.lock",
			);
			name = "[CP] Check Pods Manifest.lock";
			outputFileListPaths = (
			);
			outputPaths = (
				"$(DERIVED_FILE_DIR)/Pods-PoucouValley-checkManifestLockResult.txt",
			);
			runOnlyForDeploymentPostprocessing = 0;
			shellPath = /bin/sh;
			shellScript = "diff \"${PODS_PODFILE_DIR_PATH}/Podfile.lock\" \"${PODS_ROOT}/Manifest.lock\" > /dev/null\nif [ $? != 0 ] ; then\n    # print error to STDERR\n    echo \"error: The sandbox is not in sync with the Podfile.lock. Run 'pod install' or update your CocoaPods installation.\" >&2\n    exit 1\nfi\n# This output is used by Xcode 'outputs' to avoid re-running this script phase.\necho \"SUCCESS\" > \"${SCRIPT_OUTPUT_FILE_0}\"\n";
			showEnvVarsInLog = 0;
		};
/* End PBXShellScriptBuildPhase section */

/* Begin PBXSourcesBuildPhase section */
		72AC00A62736F27700B452BE /* Sources */ = {
			isa = PBXSourcesBuildPhase;
			buildActionMask = 2147483647;
			files = (
				72AC010527378FFA00B452BE /* UIImageView+Extension.swift in Sources */,
				72B2FBBA273CBF9300382C12 /* ThemeData.swift in Sources */,
				72707C0B28320CF9004F3C3C /* LoginResponse.swift in Sources */,
				72AC019C27388ED600B452BE /* HomeExploreViewController.swift in Sources */,
				72707C062830B354004F3C3C /* GetStartedStepsResponse.swift in Sources */,
				72B2FBDB273CC34200382C12 /* ThemeView.swift in Sources */,
				72C7A75F273F213900636346 /* SearchResultCell.swift in Sources */,
				72AC00CC27373B8300B452BE /* HomeRootViewController.swift in Sources */,
				72707C0928320CD7004F3C3C /* GetStartedSteps.swift in Sources */,
				72AC01B32738A80B00B452BE /* Validator.swift in Sources */,
				72AC01B52738A80B00B452BE /* MICollectionViewBubbleLayout.swift in Sources */,
				72AC01B72738A80B00B452BE /* MIMainViewController.swift in Sources */,
				72AC010A27378FFA00B452BE /* PHAsset+Extensions.swift in Sources */,
				72AC01B62738A80B00B452BE /* MIBubbleCollectionViewCell.swift in Sources */,
				72B2FBBD273CC00900382C12 /* UIColor+Extension.swift in Sources */,
				72AC010927378FFA00B452BE /* DateFormatter+Extensions.swift in Sources */,
				72AC010B27378FFA00B452BE /* String+Extensions.swift in Sources */,
				72C7A765273F3E3E00636346 /* SearchDealCell.swift in Sources */,
				72707C112832149C004F3C3C /* Avatar.swift in Sources */,
				72B2FBCF273CC34200382C12 /* ThemeBorderRoundView.swift in Sources */,
				72AC01B42738A80B00B452BE /* LoremSwiftum.swift in Sources */,
				7297E5302747173600F6F33B /* StoriesCollectionReusableView.swift in Sources */,
				72AC00C62737294000B452BE /* FollowCollectionViewCell.swift in Sources */,
				72AC011E27378FFA00B452BE /* UICollectionView+Extensions.swift in Sources */,
				72AC01B22738A80B00B452BE /* DelayedSearchTimer.swift in Sources */,
				72AC01BC2738A80B00B452BE /* TimeAgo.swift in Sources */,
				72AC01562738689C00B452BE /* PoucouAPI.swift in Sources */,
				72B2FBD1273CC34200382C12 /* ThemeLabelButton.swift in Sources */,
				72AC01B02738A80B00B452BE /* KeyBoardController.swift in Sources */,
				72AC011A27378FFA00B452BE /* UIScrollView+Extensions.swift in Sources */,
				72B2FB8A273C657D00382C12 /* ProfileDetailsHeader.swift in Sources */,
				72AC00AE2736F27700B452BE /* AppDelegate.swift in Sources */,
				72707C15283217C7004F3C3C /* Address.swift in Sources */,
				72B2FBDF273CCB8C00382C12 /* VerticalPaginationManager.swift in Sources */,
				72AC01572738689C00B452BE /* NetworkService.swift in Sources */,
				72AC011B27378FFA00B452BE /* Date+Extensions.swift in Sources */,
				72AC011627378FFA00B452BE /* UITableView+Extensions.swift in Sources */,
				72707C0D28320D26004F3C3C /* User.swift in Sources */,
				72B2FBD7273CC34200382C12 /* ThemeBorderView.swift in Sources */,
				7201EEEA2830943600AD6585 /* UserManager.swift in Sources */,
				72AC010C27378FFA00B452BE /* UITextView+Extensions.swift in Sources */,
				72AC01552738689C00B452BE /* APIRequestsURLs.swift in Sources */,
				72AC010827378FFA00B452BE /* UIView+Extensions.swift in Sources */,
				72C7A767273F3F7000636346 /* SearchStoresCell.swift in Sources */,
				72AC019E27389DD500B452BE /* HomeShopViewController.swift in Sources */,
				72C7A7712741D1C800636346 /* SearchSectionHeaderView.swift in Sources */,
				72B2FBD4273CC34200382C12 /* ThemeSubmitButton.swift in Sources */,
				72AC01B92738A80B00B452BE /* RPicker.swift in Sources */,
				72AC011927378FFA00B452BE /* UIProgressView+Extensions.swift in Sources */,
				72C7A763273F3DBA00636346 /* SearchDealsCell.swift in Sources */,
				72AC00E5273787CE00B452BE /* StoryboardManager.swift in Sources */,
				72707C0F2832121E004F3C3C /* Cardholder.swift in Sources */,
				72AC011C27378FFA00B452BE /* UITextfield+Extension.swift in Sources */,
				7201EEEE2830A6DB00AD6585 /* Enums.swift in Sources */,
				72AC011227378FFA00B452BE /* UINavigationController+Extensions.swift in Sources */,
				72AC01BE2738B76600B452BE /* UIAlertController+Extension.swift in Sources */,
				72AC01C02739F46400B452BE /* StoryCollectionViewCell.swift in Sources */,
				72AC01B12738A80B00B452BE /* DateUtil.swift in Sources */,
				72C7A75D273F0F0E00636346 /* SearchHistoryCell.swift in Sources */,
				72B2FBCD273CC34200382C12 /* ThemeSecondaryButton.swift in Sources */,
				72707C1728321975004F3C3C /* Birthday.swift in Sources */,
				72AC00B02736F27700B452BE /* SceneDelegate.swift in Sources */,
				72AC017A27387BB200B452BE /* UnsplashPhoto.swift in Sources */,
				72707C022830ACD7004F3C3C /* GetStartedViewController.swift in Sources */,
				72B2FBDD273CC47200382C12 /* PaddedTextField.swift in Sources */,
				72B2FBD9273CC34200382C12 /* ThemeScrollView.swift in Sources */,
				72AC011D27378FFA00B452BE /* Double+Extensions.swift in Sources */,
				72AC011427378FFA00B452BE /* UIWindow+Extensions.swift in Sources */,
				72B2FBB6273CAB2000382C12 /* MyProfileViewController.swift in Sources */,
				72AC011527378FFA00B452BE /* CLPlacemark+Extensions.swift in Sources */,
				72AC01BB2738A80B00B452BE /* CommonUtils.swift in Sources */,
				72B2FBD8273CC34200382C12 /* ThemeTextFieldLabel.swift in Sources */,
				72B2FBD6273CC34200382C12 /* ThemeBarButton.swift in Sources */,
				72AC01B82738A80B00B452BE /* ImagePicker.swift in Sources */,
				72C7A76D2740984600636346 /* SearchStoreCell.swift in Sources */,
				72AC010727378FFA00B452BE /* AFError+Extensions.swift in Sources */,
				72AC00D427373C1E00B452BE /* BaseViewController.swift in Sources */,
				72C7A75A273F0E9100636346 /* HomeSearchViewController.swift in Sources */,
				72AC00D827373C1E00B452BE /* BaseButtonBarPagerTabStripViewController.swift in Sources */,
				72B2FBDA273CC34200382C12 /* ThemeTextField.swift in Sources */,
				72AC010E27378FFA00B452BE /* UIImage+Extensions.swift in Sources */,
				72AC010627378FFA00B452BE /* UIButton+Extensions.swift in Sources */,
				72C7A769273F425800636346 /* SearchHistoriesCell.swift in Sources */,
				7201EEEC2830950D00AD6585 /* PhotoResponse.swift in Sources */,
				72B2FBD3273CC34200382C12 /* ThemeDeleteButton.swift in Sources */,
				72AC011027378FFA00B452BE /* UIViewController+Extension.swift in Sources */,
				72707C132832170F004F3C3C /* Contact.swift in Sources */,
				72AC01BA2738A80B00B452BE /* ExtendedLabel.swift in Sources */,
				72B2FBB3273CAA2000382C12 /* GiftTableViewCell.swift in Sources */,
				72C7A761273F2AA600636346 /* SearchNoResultCell.swift in Sources */,
				72AC00E6273787CE00B452BE /* AppSettingsManager.swift in Sources */,
				72AC019A27388EBE00B452BE /* HomeFollowingViewController.swift in Sources */,
				72AC011727378FFA00B452BE /* TimeZone+Extensions.swift in Sources */,
				72B2FBCE273CC34200382C12 /* ThemeSearchBar.swift in Sources */,
				72AC010F27378FFA00B452BE /* UISearchBar+Extensions.swift in Sources */,
				72B2FBBB273CBF9300382C12 /* ThemeManager.swift in Sources */,
				72C7A76B273F429A00636346 /* SearchSuggestionCell.swift in Sources */,
				72707C042830ACFE004F3C3C /* GetStartedCell.swift in Sources */,
			);
			runOnlyForDeploymentPostprocessing = 0;
		};
/* End PBXSourcesBuildPhase section */

/* Begin PBXVariantGroup section */
		72AC00B32736F27700B452BE /* Main.storyboard */ = {
			isa = PBXVariantGroup;
			children = (
				72AC00B42736F27700B452BE /* Base */,
			);
			name = Main.storyboard;
			sourceTree = "<group>";
		};
		72AC00B82736F27900B452BE /* LaunchScreen.storyboard */ = {
			isa = PBXVariantGroup;
			children = (
				72AC00B92736F27900B452BE /* Base */,
			);
			name = LaunchScreen.storyboard;
			sourceTree = "<group>";
		};
/* End PBXVariantGroup section */

/* Begin XCBuildConfiguration section */
		72AC00BC2736F27900B452BE /* Debug */ = {
			isa = XCBuildConfiguration;
			buildSettings = {
				ALWAYS_SEARCH_USER_PATHS = NO;
				CLANG_ANALYZER_NONNULL = YES;
				CLANG_ANALYZER_NUMBER_OBJECT_CONVERSION = YES_AGGRESSIVE;
				CLANG_CXX_LANGUAGE_STANDARD = "gnu++17";
				CLANG_CXX_LIBRARY = "libc++";
				CLANG_ENABLE_MODULES = YES;
				CLANG_ENABLE_OBJC_ARC = YES;
				CLANG_ENABLE_OBJC_WEAK = YES;
				CLANG_WARN_BLOCK_CAPTURE_AUTORELEASING = YES;
				CLANG_WARN_BOOL_CONVERSION = YES;
				CLANG_WARN_COMMA = YES;
				CLANG_WARN_CONSTANT_CONVERSION = YES;
				CLANG_WARN_DEPRECATED_OBJC_IMPLEMENTATIONS = YES;
				CLANG_WARN_DIRECT_OBJC_ISA_USAGE = YES_ERROR;
				CLANG_WARN_DOCUMENTATION_COMMENTS = YES;
				CLANG_WARN_EMPTY_BODY = YES;
				CLANG_WARN_ENUM_CONVERSION = YES;
				CLANG_WARN_INFINITE_RECURSION = YES;
				CLANG_WARN_INT_CONVERSION = YES;
				CLANG_WARN_NON_LITERAL_NULL_CONVERSION = YES;
				CLANG_WARN_OBJC_IMPLICIT_RETAIN_SELF = YES;
				CLANG_WARN_OBJC_LITERAL_CONVERSION = YES;
				CLANG_WARN_OBJC_ROOT_CLASS = YES_ERROR;
				CLANG_WARN_QUOTED_INCLUDE_IN_FRAMEWORK_HEADER = YES;
				CLANG_WARN_RANGE_LOOP_ANALYSIS = YES;
				CLANG_WARN_STRICT_PROTOTYPES = YES;
				CLANG_WARN_SUSPICIOUS_MOVE = YES;
				CLANG_WARN_UNGUARDED_AVAILABILITY = YES_AGGRESSIVE;
				CLANG_WARN_UNREACHABLE_CODE = YES;
				CLANG_WARN__DUPLICATE_METHOD_MATCH = YES;
				COPY_PHASE_STRIP = NO;
				DEBUG_INFORMATION_FORMAT = dwarf;
				ENABLE_STRICT_OBJC_MSGSEND = YES;
				ENABLE_TESTABILITY = YES;
				GCC_C_LANGUAGE_STANDARD = gnu11;
				GCC_DYNAMIC_NO_PIC = NO;
				GCC_NO_COMMON_BLOCKS = YES;
				GCC_OPTIMIZATION_LEVEL = 0;
				GCC_PREPROCESSOR_DEFINITIONS = (
					"DEBUG=1",
					"$(inherited)",
				);
				GCC_WARN_64_TO_32_BIT_CONVERSION = YES;
				GCC_WARN_ABOUT_RETURN_TYPE = YES_ERROR;
				GCC_WARN_UNDECLARED_SELECTOR = YES;
				GCC_WARN_UNINITIALIZED_AUTOS = YES_AGGRESSIVE;
				GCC_WARN_UNUSED_FUNCTION = YES;
				GCC_WARN_UNUSED_VARIABLE = YES;
				IPHONEOS_DEPLOYMENT_TARGET = 15.0;
				MTL_ENABLE_DEBUG_INFO = INCLUDE_SOURCE;
				MTL_FAST_MATH = YES;
				ONLY_ACTIVE_ARCH = YES;
				SDKROOT = iphoneos;
				SWIFT_ACTIVE_COMPILATION_CONDITIONS = DEBUG;
				SWIFT_OPTIMIZATION_LEVEL = "-Onone";
			};
			name = Debug;
		};
		72AC00BD2736F27900B452BE /* Release */ = {
			isa = XCBuildConfiguration;
			buildSettings = {
				ALWAYS_SEARCH_USER_PATHS = NO;
				CLANG_ANALYZER_NONNULL = YES;
				CLANG_ANALYZER_NUMBER_OBJECT_CONVERSION = YES_AGGRESSIVE;
				CLANG_CXX_LANGUAGE_STANDARD = "gnu++17";
				CLANG_CXX_LIBRARY = "libc++";
				CLANG_ENABLE_MODULES = YES;
				CLANG_ENABLE_OBJC_ARC = YES;
				CLANG_ENABLE_OBJC_WEAK = YES;
				CLANG_WARN_BLOCK_CAPTURE_AUTORELEASING = YES;
				CLANG_WARN_BOOL_CONVERSION = YES;
				CLANG_WARN_COMMA = YES;
				CLANG_WARN_CONSTANT_CONVERSION = YES;
				CLANG_WARN_DEPRECATED_OBJC_IMPLEMENTATIONS = YES;
				CLANG_WARN_DIRECT_OBJC_ISA_USAGE = YES_ERROR;
				CLANG_WARN_DOCUMENTATION_COMMENTS = YES;
				CLANG_WARN_EMPTY_BODY = YES;
				CLANG_WARN_ENUM_CONVERSION = YES;
				CLANG_WARN_INFINITE_RECURSION = YES;
				CLANG_WARN_INT_CONVERSION = YES;
				CLANG_WARN_NON_LITERAL_NULL_CONVERSION = YES;
				CLANG_WARN_OBJC_IMPLICIT_RETAIN_SELF = YES;
				CLANG_WARN_OBJC_LITERAL_CONVERSION = YES;
				CLANG_WARN_OBJC_ROOT_CLASS = YES_ERROR;
				CLANG_WARN_QUOTED_INCLUDE_IN_FRAMEWORK_HEADER = YES;
				CLANG_WARN_RANGE_LOOP_ANALYSIS = YES;
				CLANG_WARN_STRICT_PROTOTYPES = YES;
				CLANG_WARN_SUSPICIOUS_MOVE = YES;
				CLANG_WARN_UNGUARDED_AVAILABILITY = YES_AGGRESSIVE;
				CLANG_WARN_UNREACHABLE_CODE = YES;
				CLANG_WARN__DUPLICATE_METHOD_MATCH = YES;
				COPY_PHASE_STRIP = NO;
				DEBUG_INFORMATION_FORMAT = "dwarf-with-dsym";
				ENABLE_NS_ASSERTIONS = NO;
				ENABLE_STRICT_OBJC_MSGSEND = YES;
				GCC_C_LANGUAGE_STANDARD = gnu11;
				GCC_NO_COMMON_BLOCKS = YES;
				GCC_WARN_64_TO_32_BIT_CONVERSION = YES;
				GCC_WARN_ABOUT_RETURN_TYPE = YES_ERROR;
				GCC_WARN_UNDECLARED_SELECTOR = YES;
				GCC_WARN_UNINITIALIZED_AUTOS = YES_AGGRESSIVE;
				GCC_WARN_UNUSED_FUNCTION = YES;
				GCC_WARN_UNUSED_VARIABLE = YES;
				IPHONEOS_DEPLOYMENT_TARGET = 15.0;
				MTL_ENABLE_DEBUG_INFO = NO;
				MTL_FAST_MATH = YES;
				SDKROOT = iphoneos;
				SWIFT_COMPILATION_MODE = wholemodule;
				SWIFT_OPTIMIZATION_LEVEL = "-O";
				VALIDATE_PRODUCT = YES;
			};
			name = Release;
		};
		72AC00BF2736F27900B452BE /* Debug */ = {
			isa = XCBuildConfiguration;
			baseConfigurationReference = A7AEE07A370CA6795249CEB2 /* Pods-PoucouValley.debug.xcconfig */;
			buildSettings = {
				ASSETCATALOG_COMPILER_APPICON_NAME = AppIcon;
				ASSETCATALOG_COMPILER_GLOBAL_ACCENT_COLOR_NAME = AccentColor;
				CODE_SIGN_STYLE = Automatic;
				CURRENT_PROJECT_VERSION = 1;
				DEVELOPMENT_TEAM = JW74DN6CK4;
				GENERATE_INFOPLIST_FILE = YES;
				INFOPLIST_FILE = PoucouValley/Info.plist;
				INFOPLIST_KEY_UIApplicationSupportsIndirectInputEvents = YES;
				INFOPLIST_KEY_UILaunchStoryboardName = LaunchScreen;
				INFOPLIST_KEY_UIMainStoryboardFile = Main;
				INFOPLIST_KEY_UISupportedInterfaceOrientations = UIInterfaceOrientationPortrait;
				INFOPLIST_KEY_UISupportedInterfaceOrientations_iPad = "UIInterfaceOrientationPortrait UIInterfaceOrientationPortraitUpsideDown UIInterfaceOrientationLandscapeLeft UIInterfaceOrientationLandscapeRight";
				INFOPLIST_KEY_UISupportedInterfaceOrientations_iPhone = "UIInterfaceOrientationPortrait UIInterfaceOrientationLandscapeLeft UIInterfaceOrientationLandscapeRight";
				LD_RUNPATH_SEARCH_PATHS = (
					"$(inherited)",
					"@executable_path/Frameworks",
				);
				MARKETING_VERSION = 1.0;
				PRODUCT_BUNDLE_IDENTIFIER = com.leonchen.PoucouValley;
				PRODUCT_NAME = "$(TARGET_NAME)";
				SWIFT_EMIT_LOC_STRINGS = YES;
				SWIFT_VERSION = 5.0;
				TARGETED_DEVICE_FAMILY = 1;
			};
			name = Debug;
		};
		72AC00C02736F27900B452BE /* Release */ = {
			isa = XCBuildConfiguration;
			baseConfigurationReference = 240736B886A5DD6675322EFA /* Pods-PoucouValley.release.xcconfig */;
			buildSettings = {
				ASSETCATALOG_COMPILER_APPICON_NAME = AppIcon;
				ASSETCATALOG_COMPILER_GLOBAL_ACCENT_COLOR_NAME = AccentColor;
				CODE_SIGN_STYLE = Automatic;
				CURRENT_PROJECT_VERSION = 1;
				DEVELOPMENT_TEAM = JW74DN6CK4;
				GENERATE_INFOPLIST_FILE = YES;
				INFOPLIST_FILE = PoucouValley/Info.plist;
				INFOPLIST_KEY_UIApplicationSupportsIndirectInputEvents = YES;
				INFOPLIST_KEY_UILaunchStoryboardName = LaunchScreen;
				INFOPLIST_KEY_UIMainStoryboardFile = Main;
				INFOPLIST_KEY_UISupportedInterfaceOrientations = UIInterfaceOrientationPortrait;
				INFOPLIST_KEY_UISupportedInterfaceOrientations_iPad = "UIInterfaceOrientationPortrait UIInterfaceOrientationPortraitUpsideDown UIInterfaceOrientationLandscapeLeft UIInterfaceOrientationLandscapeRight";
				INFOPLIST_KEY_UISupportedInterfaceOrientations_iPhone = "UIInterfaceOrientationPortrait UIInterfaceOrientationLandscapeLeft UIInterfaceOrientationLandscapeRight";
				LD_RUNPATH_SEARCH_PATHS = (
					"$(inherited)",
					"@executable_path/Frameworks",
				);
				MARKETING_VERSION = 1.0;
				PRODUCT_BUNDLE_IDENTIFIER = com.leonchen.PoucouValley;
				PRODUCT_NAME = "$(TARGET_NAME)";
				SWIFT_EMIT_LOC_STRINGS = YES;
				SWIFT_VERSION = 5.0;
				TARGETED_DEVICE_FAMILY = 1;
			};
			name = Release;
		};
/* End XCBuildConfiguration section */

/* Begin XCConfigurationList section */
		72AC00A52736F27700B452BE /* Build configuration list for PBXProject "PoucouValley" */ = {
			isa = XCConfigurationList;
			buildConfigurations = (
				72AC00BC2736F27900B452BE /* Debug */,
				72AC00BD2736F27900B452BE /* Release */,
			);
			defaultConfigurationIsVisible = 0;
			defaultConfigurationName = Release;
		};
		72AC00BE2736F27900B452BE /* Build configuration list for PBXNativeTarget "PoucouValley" */ = {
			isa = XCConfigurationList;
			buildConfigurations = (
				72AC00BF2736F27900B452BE /* Debug */,
				72AC00C02736F27900B452BE /* Release */,
			);
			defaultConfigurationIsVisible = 0;
			defaultConfigurationName = Release;
		};
/* End XCConfigurationList section */
	};
	rootObject = 72AC00A22736F27700B452BE /* Project object */;
}
